
Microsoft Visual Studio Solution File, Format Version 12.00
# Visual Studio 14
VisualStudioVersion = 14.0.24720.0
MinimumVisualStudioVersion = 10.0.40219.1
Project("{2150E333-8FDC-42A3-9474-1A3956D46DE8}") = ".nuget", ".nuget", "{015B3158-535F-4E8A-9375-24C971A853A2}"
	ProjectSection(SolutionItems) = preProject
		.nuget\NuGet.Config = .nuget\NuGet.Config
		.nuget\NuGet.exe = .nuget\NuGet.exe
		.nuget\NuGet.targets = .nuget\NuGet.targets
	EndProjectSection
EndProject
Project("{FAE04EC0-301F-11D3-BF4B-00C04F79EFBC}") = "Rybird.Framework.Core", "Core\Framework\Rybird.Framework.Core.csproj", "{40670796-1DDD-4B5A-8D31-37A24FB5BAD5}"
EndProject
Project("{FAE04EC0-301F-11D3-BF4B-00C04F79EFBC}") = "Rybird.Framework.Android", "Android\Framework\Rybird.Framework.Android.csproj", "{DB839EB9-2E68-4EEE-A397-E442862E15D9}"
EndProject
Project("{FAE04EC0-301F-11D3-BF4B-00C04F79EFBC}") = "Rybird.Framework.Core.Tests", "Core\Tests\Rybird.Framework.Core.Tests.csproj", "{EF76F9A9-DB15-4994-AE15-FDF8AC0911EF}"
EndProject
Project("{2150E333-8FDC-42A3-9474-1A3956D46DE8}") = "Android", "Android", "{AF15385C-D008-42BE-BC8A-7E9DCCF5C2B7}"
EndProject
Project("{2150E333-8FDC-42A3-9474-1A3956D46DE8}") = "Core", "Core", "{49E51B9A-E666-4DEB-B7CA-025FE62D2A81}"
EndProject
Project("{2150E333-8FDC-42A3-9474-1A3956D46DE8}") = "iOS", "iOS", "{CFDB152F-4687-4BCB-BEFC-4260931FF542}"
EndProject
Project("{2150E333-8FDC-42A3-9474-1A3956D46DE8}") = "Wpf", "Wpf", "{664D6D0B-B2E2-483F-9148-38373EB28E29}"
EndProject
Project("{2150E333-8FDC-42A3-9474-1A3956D46DE8}") = "XamarinForms", "XamarinForms", "{B26CAACA-9D4A-4BDA-937C-3899545BDB13}"
EndProject
Project("{FAE04EC0-301F-11D3-BF4B-00C04F79EFBC}") = "Rybird.Framework.Android.Demo", "Android\Demo\Rybird.Framework.Android.Demo.csproj", "{397342E7-5C0F-41CE-AB6C-1ED738B5E6ED}"
EndProject
Project("{FAE04EC0-301F-11D3-BF4B-00C04F79EFBC}") = "Rybird.Framework.Android.Tests", "Android\Tests\Rybird.Framework.Android.Tests.csproj", "{DA295FFC-E3C0-47E7-93C0-1B12D6DE5FB9}"
EndProject
Project("{FAE04EC0-301F-11D3-BF4B-00C04F79EFBC}") = "Rybird.Framework.iOS", "iOS\Framework\Rybird.Framework.iOS.csproj", "{F35F12AD-5349-48DC-A9C6-6B389F2F5C92}"
EndProject
Project("{FAE04EC0-301F-11D3-BF4B-00C04F79EFBC}") = "Rybird.Framework.iOS.Tests", "iOS\Tests\Rybird.Framework.iOS.Tests.csproj", "{BB82323E-EB57-4767-B2D0-C3F321E2FD81}"
EndProject
Project("{FAE04EC0-301F-11D3-BF4B-00C04F79EFBC}") = "Rybird.Framework.iOS.Demo", "iOS\Demo\Rybird.Framework.iOS.Demo.csproj", "{983427CA-0302-443E-8F17-D7F8FA1A141D}"
EndProject
Project("{FAE04EC0-301F-11D3-BF4B-00C04F79EFBC}") = "Rybird.Framework.Wpf", "Wpf\Framework\Rybird.Framework.Wpf.csproj", "{F20494E8-9C40-4479-AC27-51BBD3EAE94A}"
EndProject
Project("{FAE04EC0-301F-11D3-BF4B-00C04F79EFBC}") = "Rybird.Framework.Wpf.Demo", "Wpf\Demo\Rybird.Framework.Wpf.Demo.csproj", "{D3A2A682-6071-43EE-BB67-14D6357E97E0}"
EndProject
Project("{FAE04EC0-301F-11D3-BF4B-00C04F79EFBC}") = "Rybird.Framework.Wpf.Tests", "Wpf\Tests\Rybird.Framework.Wpf.Tests.csproj", "{CA9A3EA1-C6F1-41EB-8623-49129C4A3E76}"
EndProject
Project("{FAE04EC0-301F-11D3-BF4B-00C04F79EFBC}") = "Rybird.Framework.XamarinForms", "XamarinForms\Framework\Rybird.Framework.XamarinForms.csproj", "{67F9D3A8-F71E-4428-913F-C37AE82CDB24}"
EndProject
Project("{FAE04EC0-301F-11D3-BF4B-00C04F79EFBC}") = "Rybird.Framework.XamarinForms.Tests", "XamarinForms\Tests\Rybird.Framework.XamarinForms.Tests.csproj", "{0090CE85-9872-450F-B9FF-9FE64C525EBA}"
EndProject
Project("{2150E333-8FDC-42A3-9474-1A3956D46DE8}") = "Demo", "Demo", "{4EF9CF0D-7B34-46FE-B671-352A62F3DB42}"
EndProject
Project("{FAE04EC0-301F-11D3-BF4B-00C04F79EFBC}") = "Rybird.Framework.XamarinForms.Demo", "XamarinForms\Demo\Shared\Rybird.Framework.XamarinForms.Demo.csproj", "{FBDADA70-E9E7-4BCE-B251-D74F19F7A366}"
EndProject
Project("{FAE04EC0-301F-11D3-BF4B-00C04F79EFBC}") = "Rybird.Framework.XamarinForms.Demo.Droid", "XamarinForms\Demo\Droid\Rybird.Framework.XamarinForms.Demo.Droid.csproj", "{A37A2EB5-4B81-41D1-8380-320E0A24E46F}"
EndProject
Project("{FAE04EC0-301F-11D3-BF4B-00C04F79EFBC}") = "Rybird.Framework.XamarinForms.Demo.iOS", "XamarinForms\Demo\iOS\Rybird.Framework.XamarinForms.Demo.iOS.csproj", "{90461B99-3235-458A-A964-1C379975BB7F}"
EndProject
Project("{FAE04EC0-301F-11D3-BF4B-00C04F79EFBC}") = "Rybird.Framework.Core.Demo", "Core\Demo\Rybird.Framework.Core.Demo.csproj", "{E61F5A0A-F9FB-4CBF-81C5-8019873BB682}"
EndProject
Project("{2150E333-8FDC-42A3-9474-1A3956D46DE8}") = "UniversalWindowsPlatform", "UniversalWindowsPlatform", "{5873DA10-3FE2-4F13-AE9D-ED739DDBB6A9}"
EndProject
Project("{FAE04EC0-301F-11D3-BF4B-00C04F79EFBC}") = "Rybird.Framework.Uwp", "Uwp\Framework\Rybird.Framework.Uwp.csproj", "{A6660401-DF1C-4BCA-B9FE-7558F6912DDA}"
EndProject
Project("{FAE04EC0-301F-11D3-BF4B-00C04F79EFBC}") = "Rybird.Framework.Uwp.Demo", "Uwp\Demo\Rybird.Framework.Uwp.Demo.csproj", "{4A0A88E2-ECCE-4F5D-BC9D-52C674BCFE6C}"
EndProject
Project("{FAE04EC0-301F-11D3-BF4B-00C04F79EFBC}") = "Rybird.Framework.Uwp.Tests", "Uwp\Tests\Rybird.Framework.Uwp.Tests.csproj", "{0EC6148D-E73D-4722-8C00-1602EF3F906F}"
EndProject
Global
	GlobalSection(SolutionConfigurationPlatforms) = preSolution
		Ad-Hoc|Any CPU = Ad-Hoc|Any CPU
		Ad-Hoc|ARM = Ad-Hoc|ARM
		Ad-Hoc|iPhone = Ad-Hoc|iPhone
		Ad-Hoc|iPhoneSimulator = Ad-Hoc|iPhoneSimulator
		Ad-Hoc|Mixed Platforms = Ad-Hoc|Mixed Platforms
		Ad-Hoc|x64 = Ad-Hoc|x64
		Ad-Hoc|x86 = Ad-Hoc|x86
		AppStore|Any CPU = AppStore|Any CPU
		AppStore|ARM = AppStore|ARM
		AppStore|iPhone = AppStore|iPhone
		AppStore|iPhoneSimulator = AppStore|iPhoneSimulator
		AppStore|Mixed Platforms = AppStore|Mixed Platforms
		AppStore|x64 = AppStore|x64
		AppStore|x86 = AppStore|x86
		Debug|Any CPU = Debug|Any CPU
		Debug|ARM = Debug|ARM
		Debug|iPhone = Debug|iPhone
		Debug|iPhoneSimulator = Debug|iPhoneSimulator
		Debug|Mixed Platforms = Debug|Mixed Platforms
		Debug|x64 = Debug|x64
		Debug|x86 = Debug|x86
		Release|Any CPU = Release|Any CPU
		Release|ARM = Release|ARM
		Release|iPhone = Release|iPhone
		Release|iPhoneSimulator = Release|iPhoneSimulator
		Release|Mixed Platforms = Release|Mixed Platforms
		Release|x64 = Release|x64
		Release|x86 = Release|x86
	EndGlobalSection
	GlobalSection(ProjectConfigurationPlatforms) = postSolution
		{40670796-1DDD-4B5A-8D31-37A24FB5BAD5}.Ad-Hoc|Any CPU.ActiveCfg = Release|Any CPU
		{40670796-1DDD-4B5A-8D31-37A24FB5BAD5}.Ad-Hoc|Any CPU.Build.0 = Release|Any CPU
		{40670796-1DDD-4B5A-8D31-37A24FB5BAD5}.Ad-Hoc|ARM.ActiveCfg = Release|Any CPU
		{40670796-1DDD-4B5A-8D31-37A24FB5BAD5}.Ad-Hoc|iPhone.ActiveCfg = Release|Any CPU
		{40670796-1DDD-4B5A-8D31-37A24FB5BAD5}.Ad-Hoc|iPhoneSimulator.ActiveCfg = Release|Any CPU
		{40670796-1DDD-4B5A-8D31-37A24FB5BAD5}.Ad-Hoc|Mixed Platforms.ActiveCfg = Release|Any CPU
		{40670796-1DDD-4B5A-8D31-37A24FB5BAD5}.Ad-Hoc|Mixed Platforms.Build.0 = Release|Any CPU
		{40670796-1DDD-4B5A-8D31-37A24FB5BAD5}.Ad-Hoc|x64.ActiveCfg = Release|Any CPU
		{40670796-1DDD-4B5A-8D31-37A24FB5BAD5}.Ad-Hoc|x86.ActiveCfg = Release|Any CPU
		{40670796-1DDD-4B5A-8D31-37A24FB5BAD5}.AppStore|Any CPU.ActiveCfg = Release|Any CPU
		{40670796-1DDD-4B5A-8D31-37A24FB5BAD5}.AppStore|Any CPU.Build.0 = Release|Any CPU
		{40670796-1DDD-4B5A-8D31-37A24FB5BAD5}.AppStore|ARM.ActiveCfg = Release|Any CPU
		{40670796-1DDD-4B5A-8D31-37A24FB5BAD5}.AppStore|iPhone.ActiveCfg = Release|Any CPU
		{40670796-1DDD-4B5A-8D31-37A24FB5BAD5}.AppStore|iPhoneSimulator.ActiveCfg = Release|Any CPU
		{40670796-1DDD-4B5A-8D31-37A24FB5BAD5}.AppStore|Mixed Platforms.ActiveCfg = Release|Any CPU
		{40670796-1DDD-4B5A-8D31-37A24FB5BAD5}.AppStore|Mixed Platforms.Build.0 = Release|Any CPU
		{40670796-1DDD-4B5A-8D31-37A24FB5BAD5}.AppStore|x64.ActiveCfg = Release|Any CPU
		{40670796-1DDD-4B5A-8D31-37A24FB5BAD5}.AppStore|x86.ActiveCfg = Release|Any CPU
		{40670796-1DDD-4B5A-8D31-37A24FB5BAD5}.Debug|Any CPU.ActiveCfg = Debug|Any CPU
		{40670796-1DDD-4B5A-8D31-37A24FB5BAD5}.Debug|Any CPU.Build.0 = Debug|Any CPU
		{40670796-1DDD-4B5A-8D31-37A24FB5BAD5}.Debug|ARM.ActiveCfg = Debug|Any CPU
		{40670796-1DDD-4B5A-8D31-37A24FB5BAD5}.Debug|iPhone.ActiveCfg = Debug|Any CPU
		{40670796-1DDD-4B5A-8D31-37A24FB5BAD5}.Debug|iPhoneSimulator.ActiveCfg = Debug|Any CPU
		{40670796-1DDD-4B5A-8D31-37A24FB5BAD5}.Debug|Mixed Platforms.ActiveCfg = Debug|Any CPU
		{40670796-1DDD-4B5A-8D31-37A24FB5BAD5}.Debug|Mixed Platforms.Build.0 = Debug|Any CPU
		{40670796-1DDD-4B5A-8D31-37A24FB5BAD5}.Debug|x64.ActiveCfg = Debug|Any CPU
		{40670796-1DDD-4B5A-8D31-37A24FB5BAD5}.Debug|x86.ActiveCfg = Debug|Any CPU
		{40670796-1DDD-4B5A-8D31-37A24FB5BAD5}.Release|Any CPU.ActiveCfg = Release|Any CPU
		{40670796-1DDD-4B5A-8D31-37A24FB5BAD5}.Release|Any CPU.Build.0 = Release|Any CPU
		{40670796-1DDD-4B5A-8D31-37A24FB5BAD5}.Release|ARM.ActiveCfg = Release|Any CPU
		{40670796-1DDD-4B5A-8D31-37A24FB5BAD5}.Release|iPhone.ActiveCfg = Release|Any CPU
		{40670796-1DDD-4B5A-8D31-37A24FB5BAD5}.Release|iPhoneSimulator.ActiveCfg = Release|Any CPU
		{40670796-1DDD-4B5A-8D31-37A24FB5BAD5}.Release|Mixed Platforms.ActiveCfg = Release|Any CPU
		{40670796-1DDD-4B5A-8D31-37A24FB5BAD5}.Release|Mixed Platforms.Build.0 = Release|Any CPU
		{40670796-1DDD-4B5A-8D31-37A24FB5BAD5}.Release|x64.ActiveCfg = Release|Any CPU
		{40670796-1DDD-4B5A-8D31-37A24FB5BAD5}.Release|x86.ActiveCfg = Release|Any CPU
		{DB839EB9-2E68-4EEE-A397-E442862E15D9}.Ad-Hoc|Any CPU.ActiveCfg = Release|Any CPU
		{DB839EB9-2E68-4EEE-A397-E442862E15D9}.Ad-Hoc|Any CPU.Build.0 = Release|Any CPU
		{DB839EB9-2E68-4EEE-A397-E442862E15D9}.Ad-Hoc|ARM.ActiveCfg = Release|Any CPU
		{DB839EB9-2E68-4EEE-A397-E442862E15D9}.Ad-Hoc|iPhone.ActiveCfg = Release|Any CPU
		{DB839EB9-2E68-4EEE-A397-E442862E15D9}.Ad-Hoc|iPhoneSimulator.ActiveCfg = Release|Any CPU
		{DB839EB9-2E68-4EEE-A397-E442862E15D9}.Ad-Hoc|Mixed Platforms.ActiveCfg = Release|Any CPU
		{DB839EB9-2E68-4EEE-A397-E442862E15D9}.Ad-Hoc|Mixed Platforms.Build.0 = Release|Any CPU
		{DB839EB9-2E68-4EEE-A397-E442862E15D9}.Ad-Hoc|x64.ActiveCfg = Release|Any CPU
		{DB839EB9-2E68-4EEE-A397-E442862E15D9}.Ad-Hoc|x86.ActiveCfg = Release|Any CPU
		{DB839EB9-2E68-4EEE-A397-E442862E15D9}.AppStore|Any CPU.ActiveCfg = Release|Any CPU
		{DB839EB9-2E68-4EEE-A397-E442862E15D9}.AppStore|Any CPU.Build.0 = Release|Any CPU
		{DB839EB9-2E68-4EEE-A397-E442862E15D9}.AppStore|ARM.ActiveCfg = Release|Any CPU
		{DB839EB9-2E68-4EEE-A397-E442862E15D9}.AppStore|iPhone.ActiveCfg = Release|Any CPU
		{DB839EB9-2E68-4EEE-A397-E442862E15D9}.AppStore|iPhoneSimulator.ActiveCfg = Release|Any CPU
		{DB839EB9-2E68-4EEE-A397-E442862E15D9}.AppStore|Mixed Platforms.ActiveCfg = Release|Any CPU
		{DB839EB9-2E68-4EEE-A397-E442862E15D9}.AppStore|Mixed Platforms.Build.0 = Release|Any CPU
		{DB839EB9-2E68-4EEE-A397-E442862E15D9}.AppStore|x64.ActiveCfg = Release|Any CPU
		{DB839EB9-2E68-4EEE-A397-E442862E15D9}.AppStore|x86.ActiveCfg = Release|Any CPU
		{DB839EB9-2E68-4EEE-A397-E442862E15D9}.Debug|Any CPU.ActiveCfg = Debug|Any CPU
		{DB839EB9-2E68-4EEE-A397-E442862E15D9}.Debug|Any CPU.Build.0 = Debug|Any CPU
		{DB839EB9-2E68-4EEE-A397-E442862E15D9}.Debug|ARM.ActiveCfg = Debug|Any CPU
		{DB839EB9-2E68-4EEE-A397-E442862E15D9}.Debug|iPhone.ActiveCfg = Debug|Any CPU
		{DB839EB9-2E68-4EEE-A397-E442862E15D9}.Debug|iPhoneSimulator.ActiveCfg = Debug|Any CPU
		{DB839EB9-2E68-4EEE-A397-E442862E15D9}.Debug|Mixed Platforms.ActiveCfg = Debug|Any CPU
		{DB839EB9-2E68-4EEE-A397-E442862E15D9}.Debug|Mixed Platforms.Build.0 = Debug|Any CPU
		{DB839EB9-2E68-4EEE-A397-E442862E15D9}.Debug|x64.ActiveCfg = Debug|Any CPU
		{DB839EB9-2E68-4EEE-A397-E442862E15D9}.Debug|x86.ActiveCfg = Debug|Any CPU
		{DB839EB9-2E68-4EEE-A397-E442862E15D9}.Release|Any CPU.ActiveCfg = Release|Any CPU
		{DB839EB9-2E68-4EEE-A397-E442862E15D9}.Release|Any CPU.Build.0 = Release|Any CPU
		{DB839EB9-2E68-4EEE-A397-E442862E15D9}.Release|ARM.ActiveCfg = Release|Any CPU
		{DB839EB9-2E68-4EEE-A397-E442862E15D9}.Release|iPhone.ActiveCfg = Release|Any CPU
		{DB839EB9-2E68-4EEE-A397-E442862E15D9}.Release|iPhoneSimulator.ActiveCfg = Release|Any CPU
		{DB839EB9-2E68-4EEE-A397-E442862E15D9}.Release|Mixed Platforms.ActiveCfg = Release|Any CPU
		{DB839EB9-2E68-4EEE-A397-E442862E15D9}.Release|Mixed Platforms.Build.0 = Release|Any CPU
		{DB839EB9-2E68-4EEE-A397-E442862E15D9}.Release|x64.ActiveCfg = Release|Any CPU
		{DB839EB9-2E68-4EEE-A397-E442862E15D9}.Release|x86.ActiveCfg = Release|Any CPU
		{EF76F9A9-DB15-4994-AE15-FDF8AC0911EF}.Ad-Hoc|Any CPU.ActiveCfg = Release|Any CPU
		{EF76F9A9-DB15-4994-AE15-FDF8AC0911EF}.Ad-Hoc|Any CPU.Build.0 = Release|Any CPU
		{EF76F9A9-DB15-4994-AE15-FDF8AC0911EF}.Ad-Hoc|ARM.ActiveCfg = Release|Any CPU
		{EF76F9A9-DB15-4994-AE15-FDF8AC0911EF}.Ad-Hoc|iPhone.ActiveCfg = Release|Any CPU
		{EF76F9A9-DB15-4994-AE15-FDF8AC0911EF}.Ad-Hoc|iPhoneSimulator.ActiveCfg = Release|Any CPU
		{EF76F9A9-DB15-4994-AE15-FDF8AC0911EF}.Ad-Hoc|Mixed Platforms.ActiveCfg = Release|Any CPU
		{EF76F9A9-DB15-4994-AE15-FDF8AC0911EF}.Ad-Hoc|Mixed Platforms.Build.0 = Release|Any CPU
		{EF76F9A9-DB15-4994-AE15-FDF8AC0911EF}.Ad-Hoc|x64.ActiveCfg = Release|Any CPU
		{EF76F9A9-DB15-4994-AE15-FDF8AC0911EF}.Ad-Hoc|x86.ActiveCfg = Release|Any CPU
		{EF76F9A9-DB15-4994-AE15-FDF8AC0911EF}.AppStore|Any CPU.ActiveCfg = Release|Any CPU
		{EF76F9A9-DB15-4994-AE15-FDF8AC0911EF}.AppStore|Any CPU.Build.0 = Release|Any CPU
		{EF76F9A9-DB15-4994-AE15-FDF8AC0911EF}.AppStore|ARM.ActiveCfg = Release|Any CPU
		{EF76F9A9-DB15-4994-AE15-FDF8AC0911EF}.AppStore|iPhone.ActiveCfg = Release|Any CPU
		{EF76F9A9-DB15-4994-AE15-FDF8AC0911EF}.AppStore|iPhoneSimulator.ActiveCfg = Release|Any CPU
		{EF76F9A9-DB15-4994-AE15-FDF8AC0911EF}.AppStore|Mixed Platforms.ActiveCfg = Release|Any CPU
		{EF76F9A9-DB15-4994-AE15-FDF8AC0911EF}.AppStore|Mixed Platforms.Build.0 = Release|Any CPU
		{EF76F9A9-DB15-4994-AE15-FDF8AC0911EF}.AppStore|x64.ActiveCfg = Release|Any CPU
		{EF76F9A9-DB15-4994-AE15-FDF8AC0911EF}.AppStore|x86.ActiveCfg = Release|Any CPU
		{EF76F9A9-DB15-4994-AE15-FDF8AC0911EF}.Debug|Any CPU.ActiveCfg = Debug|Any CPU
		{EF76F9A9-DB15-4994-AE15-FDF8AC0911EF}.Debug|Any CPU.Build.0 = Debug|Any CPU
		{EF76F9A9-DB15-4994-AE15-FDF8AC0911EF}.Debug|ARM.ActiveCfg = Debug|Any CPU
		{EF76F9A9-DB15-4994-AE15-FDF8AC0911EF}.Debug|iPhone.ActiveCfg = Debug|Any CPU
		{EF76F9A9-DB15-4994-AE15-FDF8AC0911EF}.Debug|iPhoneSimulator.ActiveCfg = Debug|Any CPU
		{EF76F9A9-DB15-4994-AE15-FDF8AC0911EF}.Debug|Mixed Platforms.ActiveCfg = Debug|Any CPU
		{EF76F9A9-DB15-4994-AE15-FDF8AC0911EF}.Debug|Mixed Platforms.Build.0 = Debug|Any CPU
		{EF76F9A9-DB15-4994-AE15-FDF8AC0911EF}.Debug|x64.ActiveCfg = Debug|Any CPU
		{EF76F9A9-DB15-4994-AE15-FDF8AC0911EF}.Debug|x86.ActiveCfg = Debug|Any CPU
		{EF76F9A9-DB15-4994-AE15-FDF8AC0911EF}.Release|Any CPU.ActiveCfg = Release|Any CPU
		{EF76F9A9-DB15-4994-AE15-FDF8AC0911EF}.Release|Any CPU.Build.0 = Release|Any CPU
		{EF76F9A9-DB15-4994-AE15-FDF8AC0911EF}.Release|ARM.ActiveCfg = Release|Any CPU
		{EF76F9A9-DB15-4994-AE15-FDF8AC0911EF}.Release|iPhone.ActiveCfg = Release|Any CPU
		{EF76F9A9-DB15-4994-AE15-FDF8AC0911EF}.Release|iPhoneSimulator.ActiveCfg = Release|Any CPU
		{EF76F9A9-DB15-4994-AE15-FDF8AC0911EF}.Release|Mixed Platforms.ActiveCfg = Release|Any CPU
		{EF76F9A9-DB15-4994-AE15-FDF8AC0911EF}.Release|Mixed Platforms.Build.0 = Release|Any CPU
		{EF76F9A9-DB15-4994-AE15-FDF8AC0911EF}.Release|x64.ActiveCfg = Release|Any CPU
		{EF76F9A9-DB15-4994-AE15-FDF8AC0911EF}.Release|x86.ActiveCfg = Release|Any CPU
		{397342E7-5C0F-41CE-AB6C-1ED738B5E6ED}.Ad-Hoc|Any CPU.ActiveCfg = Release|Any CPU
		{397342E7-5C0F-41CE-AB6C-1ED738B5E6ED}.Ad-Hoc|Any CPU.Build.0 = Release|Any CPU
		{397342E7-5C0F-41CE-AB6C-1ED738B5E6ED}.Ad-Hoc|Any CPU.Deploy.0 = Release|Any CPU
		{397342E7-5C0F-41CE-AB6C-1ED738B5E6ED}.Ad-Hoc|ARM.ActiveCfg = Release|Any CPU
		{397342E7-5C0F-41CE-AB6C-1ED738B5E6ED}.Ad-Hoc|iPhone.ActiveCfg = Release|Any CPU
		{397342E7-5C0F-41CE-AB6C-1ED738B5E6ED}.Ad-Hoc|iPhoneSimulator.ActiveCfg = Release|Any CPU
		{397342E7-5C0F-41CE-AB6C-1ED738B5E6ED}.Ad-Hoc|Mixed Platforms.ActiveCfg = Release|Any CPU
		{397342E7-5C0F-41CE-AB6C-1ED738B5E6ED}.Ad-Hoc|Mixed Platforms.Build.0 = Release|Any CPU
		{397342E7-5C0F-41CE-AB6C-1ED738B5E6ED}.Ad-Hoc|Mixed Platforms.Deploy.0 = Release|Any CPU
		{397342E7-5C0F-41CE-AB6C-1ED738B5E6ED}.Ad-Hoc|x64.ActiveCfg = Release|Any CPU
		{397342E7-5C0F-41CE-AB6C-1ED738B5E6ED}.Ad-Hoc|x86.ActiveCfg = Release|Any CPU
		{397342E7-5C0F-41CE-AB6C-1ED738B5E6ED}.AppStore|Any CPU.ActiveCfg = Release|Any CPU
		{397342E7-5C0F-41CE-AB6C-1ED738B5E6ED}.AppStore|Any CPU.Build.0 = Release|Any CPU
		{397342E7-5C0F-41CE-AB6C-1ED738B5E6ED}.AppStore|Any CPU.Deploy.0 = Release|Any CPU
		{397342E7-5C0F-41CE-AB6C-1ED738B5E6ED}.AppStore|ARM.ActiveCfg = Release|Any CPU
		{397342E7-5C0F-41CE-AB6C-1ED738B5E6ED}.AppStore|iPhone.ActiveCfg = Release|Any CPU
		{397342E7-5C0F-41CE-AB6C-1ED738B5E6ED}.AppStore|iPhoneSimulator.ActiveCfg = Release|Any CPU
		{397342E7-5C0F-41CE-AB6C-1ED738B5E6ED}.AppStore|Mixed Platforms.ActiveCfg = Release|Any CPU
		{397342E7-5C0F-41CE-AB6C-1ED738B5E6ED}.AppStore|Mixed Platforms.Build.0 = Release|Any CPU
		{397342E7-5C0F-41CE-AB6C-1ED738B5E6ED}.AppStore|Mixed Platforms.Deploy.0 = Release|Any CPU
		{397342E7-5C0F-41CE-AB6C-1ED738B5E6ED}.AppStore|x64.ActiveCfg = Release|Any CPU
		{397342E7-5C0F-41CE-AB6C-1ED738B5E6ED}.AppStore|x86.ActiveCfg = Release|Any CPU
		{397342E7-5C0F-41CE-AB6C-1ED738B5E6ED}.Debug|Any CPU.ActiveCfg = Debug|Any CPU
		{397342E7-5C0F-41CE-AB6C-1ED738B5E6ED}.Debug|Any CPU.Build.0 = Debug|Any CPU
		{397342E7-5C0F-41CE-AB6C-1ED738B5E6ED}.Debug|Any CPU.Deploy.0 = Debug|Any CPU
		{397342E7-5C0F-41CE-AB6C-1ED738B5E6ED}.Debug|ARM.ActiveCfg = Debug|Any CPU
		{397342E7-5C0F-41CE-AB6C-1ED738B5E6ED}.Debug|iPhone.ActiveCfg = Debug|Any CPU
		{397342E7-5C0F-41CE-AB6C-1ED738B5E6ED}.Debug|iPhoneSimulator.ActiveCfg = Debug|Any CPU
		{397342E7-5C0F-41CE-AB6C-1ED738B5E6ED}.Debug|Mixed Platforms.ActiveCfg = Debug|Any CPU
		{397342E7-5C0F-41CE-AB6C-1ED738B5E6ED}.Debug|Mixed Platforms.Build.0 = Debug|Any CPU
		{397342E7-5C0F-41CE-AB6C-1ED738B5E6ED}.Debug|Mixed Platforms.Deploy.0 = Debug|Any CPU
		{397342E7-5C0F-41CE-AB6C-1ED738B5E6ED}.Debug|x64.ActiveCfg = Debug|Any CPU
		{397342E7-5C0F-41CE-AB6C-1ED738B5E6ED}.Debug|x86.ActiveCfg = Debug|Any CPU
		{397342E7-5C0F-41CE-AB6C-1ED738B5E6ED}.Release|Any CPU.ActiveCfg = Release|Any CPU
		{397342E7-5C0F-41CE-AB6C-1ED738B5E6ED}.Release|Any CPU.Build.0 = Release|Any CPU
		{397342E7-5C0F-41CE-AB6C-1ED738B5E6ED}.Release|Any CPU.Deploy.0 = Release|Any CPU
		{397342E7-5C0F-41CE-AB6C-1ED738B5E6ED}.Release|ARM.ActiveCfg = Release|Any CPU
		{397342E7-5C0F-41CE-AB6C-1ED738B5E6ED}.Release|iPhone.ActiveCfg = Release|Any CPU
		{397342E7-5C0F-41CE-AB6C-1ED738B5E6ED}.Release|iPhoneSimulator.ActiveCfg = Release|Any CPU
		{397342E7-5C0F-41CE-AB6C-1ED738B5E6ED}.Release|Mixed Platforms.ActiveCfg = Release|Any CPU
		{397342E7-5C0F-41CE-AB6C-1ED738B5E6ED}.Release|Mixed Platforms.Build.0 = Release|Any CPU
		{397342E7-5C0F-41CE-AB6C-1ED738B5E6ED}.Release|Mixed Platforms.Deploy.0 = Release|Any CPU
		{397342E7-5C0F-41CE-AB6C-1ED738B5E6ED}.Release|x64.ActiveCfg = Release|Any CPU
		{397342E7-5C0F-41CE-AB6C-1ED738B5E6ED}.Release|x86.ActiveCfg = Release|Any CPU
		{DA295FFC-E3C0-47E7-93C0-1B12D6DE5FB9}.Ad-Hoc|Any CPU.ActiveCfg = Release|Any CPU
		{DA295FFC-E3C0-47E7-93C0-1B12D6DE5FB9}.Ad-Hoc|Any CPU.Build.0 = Release|Any CPU
		{DA295FFC-E3C0-47E7-93C0-1B12D6DE5FB9}.Ad-Hoc|Any CPU.Deploy.0 = Release|Any CPU
		{DA295FFC-E3C0-47E7-93C0-1B12D6DE5FB9}.Ad-Hoc|ARM.ActiveCfg = Release|Any CPU
		{DA295FFC-E3C0-47E7-93C0-1B12D6DE5FB9}.Ad-Hoc|iPhone.ActiveCfg = Release|Any CPU
		{DA295FFC-E3C0-47E7-93C0-1B12D6DE5FB9}.Ad-Hoc|iPhoneSimulator.ActiveCfg = Release|Any CPU
		{DA295FFC-E3C0-47E7-93C0-1B12D6DE5FB9}.Ad-Hoc|Mixed Platforms.ActiveCfg = Release|Any CPU
		{DA295FFC-E3C0-47E7-93C0-1B12D6DE5FB9}.Ad-Hoc|Mixed Platforms.Build.0 = Release|Any CPU
		{DA295FFC-E3C0-47E7-93C0-1B12D6DE5FB9}.Ad-Hoc|Mixed Platforms.Deploy.0 = Release|Any CPU
		{DA295FFC-E3C0-47E7-93C0-1B12D6DE5FB9}.Ad-Hoc|x64.ActiveCfg = Release|Any CPU
		{DA295FFC-E3C0-47E7-93C0-1B12D6DE5FB9}.Ad-Hoc|x86.ActiveCfg = Release|Any CPU
		{DA295FFC-E3C0-47E7-93C0-1B12D6DE5FB9}.AppStore|Any CPU.ActiveCfg = Release|Any CPU
		{DA295FFC-E3C0-47E7-93C0-1B12D6DE5FB9}.AppStore|Any CPU.Build.0 = Release|Any CPU
		{DA295FFC-E3C0-47E7-93C0-1B12D6DE5FB9}.AppStore|Any CPU.Deploy.0 = Release|Any CPU
		{DA295FFC-E3C0-47E7-93C0-1B12D6DE5FB9}.AppStore|ARM.ActiveCfg = Release|Any CPU
		{DA295FFC-E3C0-47E7-93C0-1B12D6DE5FB9}.AppStore|iPhone.ActiveCfg = Release|Any CPU
		{DA295FFC-E3C0-47E7-93C0-1B12D6DE5FB9}.AppStore|iPhoneSimulator.ActiveCfg = Release|Any CPU
		{DA295FFC-E3C0-47E7-93C0-1B12D6DE5FB9}.AppStore|Mixed Platforms.ActiveCfg = Release|Any CPU
		{DA295FFC-E3C0-47E7-93C0-1B12D6DE5FB9}.AppStore|Mixed Platforms.Build.0 = Release|Any CPU
		{DA295FFC-E3C0-47E7-93C0-1B12D6DE5FB9}.AppStore|Mixed Platforms.Deploy.0 = Release|Any CPU
		{DA295FFC-E3C0-47E7-93C0-1B12D6DE5FB9}.AppStore|x64.ActiveCfg = Release|Any CPU
		{DA295FFC-E3C0-47E7-93C0-1B12D6DE5FB9}.AppStore|x86.ActiveCfg = Release|Any CPU
		{DA295FFC-E3C0-47E7-93C0-1B12D6DE5FB9}.Debug|Any CPU.ActiveCfg = Debug|Any CPU
		{DA295FFC-E3C0-47E7-93C0-1B12D6DE5FB9}.Debug|Any CPU.Build.0 = Debug|Any CPU
		{DA295FFC-E3C0-47E7-93C0-1B12D6DE5FB9}.Debug|Any CPU.Deploy.0 = Debug|Any CPU
		{DA295FFC-E3C0-47E7-93C0-1B12D6DE5FB9}.Debug|ARM.ActiveCfg = Debug|Any CPU
		{DA295FFC-E3C0-47E7-93C0-1B12D6DE5FB9}.Debug|iPhone.ActiveCfg = Debug|Any CPU
		{DA295FFC-E3C0-47E7-93C0-1B12D6DE5FB9}.Debug|iPhoneSimulator.ActiveCfg = Debug|Any CPU
		{DA295FFC-E3C0-47E7-93C0-1B12D6DE5FB9}.Debug|Mixed Platforms.ActiveCfg = Debug|Any CPU
		{DA295FFC-E3C0-47E7-93C0-1B12D6DE5FB9}.Debug|Mixed Platforms.Build.0 = Debug|Any CPU
		{DA295FFC-E3C0-47E7-93C0-1B12D6DE5FB9}.Debug|Mixed Platforms.Deploy.0 = Debug|Any CPU
		{DA295FFC-E3C0-47E7-93C0-1B12D6DE5FB9}.Debug|x64.ActiveCfg = Debug|Any CPU
		{DA295FFC-E3C0-47E7-93C0-1B12D6DE5FB9}.Debug|x86.ActiveCfg = Debug|Any CPU
		{DA295FFC-E3C0-47E7-93C0-1B12D6DE5FB9}.Release|Any CPU.ActiveCfg = Release|Any CPU
		{DA295FFC-E3C0-47E7-93C0-1B12D6DE5FB9}.Release|Any CPU.Build.0 = Release|Any CPU
		{DA295FFC-E3C0-47E7-93C0-1B12D6DE5FB9}.Release|Any CPU.Deploy.0 = Release|Any CPU
		{DA295FFC-E3C0-47E7-93C0-1B12D6DE5FB9}.Release|ARM.ActiveCfg = Release|Any CPU
		{DA295FFC-E3C0-47E7-93C0-1B12D6DE5FB9}.Release|iPhone.ActiveCfg = Release|Any CPU
		{DA295FFC-E3C0-47E7-93C0-1B12D6DE5FB9}.Release|iPhoneSimulator.ActiveCfg = Release|Any CPU
		{DA295FFC-E3C0-47E7-93C0-1B12D6DE5FB9}.Release|Mixed Platforms.ActiveCfg = Release|Any CPU
		{DA295FFC-E3C0-47E7-93C0-1B12D6DE5FB9}.Release|Mixed Platforms.Build.0 = Release|Any CPU
		{DA295FFC-E3C0-47E7-93C0-1B12D6DE5FB9}.Release|Mixed Platforms.Deploy.0 = Release|Any CPU
		{DA295FFC-E3C0-47E7-93C0-1B12D6DE5FB9}.Release|x64.ActiveCfg = Release|Any CPU
		{DA295FFC-E3C0-47E7-93C0-1B12D6DE5FB9}.Release|x86.ActiveCfg = Release|Any CPU
		{F35F12AD-5349-48DC-A9C6-6B389F2F5C92}.Ad-Hoc|Any CPU.ActiveCfg = Release|Any CPU
		{F35F12AD-5349-48DC-A9C6-6B389F2F5C92}.Ad-Hoc|Any CPU.Build.0 = Release|Any CPU
		{F35F12AD-5349-48DC-A9C6-6B389F2F5C92}.Ad-Hoc|ARM.ActiveCfg = Release|Any CPU
		{F35F12AD-5349-48DC-A9C6-6B389F2F5C92}.Ad-Hoc|iPhone.ActiveCfg = Release|Any CPU
		{F35F12AD-5349-48DC-A9C6-6B389F2F5C92}.Ad-Hoc|iPhoneSimulator.ActiveCfg = Release|Any CPU
		{F35F12AD-5349-48DC-A9C6-6B389F2F5C92}.Ad-Hoc|Mixed Platforms.ActiveCfg = Release|Any CPU
		{F35F12AD-5349-48DC-A9C6-6B389F2F5C92}.Ad-Hoc|Mixed Platforms.Build.0 = Release|Any CPU
		{F35F12AD-5349-48DC-A9C6-6B389F2F5C92}.Ad-Hoc|x64.ActiveCfg = Release|Any CPU
		{F35F12AD-5349-48DC-A9C6-6B389F2F5C92}.Ad-Hoc|x86.ActiveCfg = Release|Any CPU
		{F35F12AD-5349-48DC-A9C6-6B389F2F5C92}.AppStore|Any CPU.ActiveCfg = Release|Any CPU
		{F35F12AD-5349-48DC-A9C6-6B389F2F5C92}.AppStore|Any CPU.Build.0 = Release|Any CPU
		{F35F12AD-5349-48DC-A9C6-6B389F2F5C92}.AppStore|ARM.ActiveCfg = Release|Any CPU
		{F35F12AD-5349-48DC-A9C6-6B389F2F5C92}.AppStore|iPhone.ActiveCfg = Release|Any CPU
		{F35F12AD-5349-48DC-A9C6-6B389F2F5C92}.AppStore|iPhoneSimulator.ActiveCfg = Release|Any CPU
		{F35F12AD-5349-48DC-A9C6-6B389F2F5C92}.AppStore|Mixed Platforms.ActiveCfg = Release|Any CPU
		{F35F12AD-5349-48DC-A9C6-6B389F2F5C92}.AppStore|Mixed Platforms.Build.0 = Release|Any CPU
		{F35F12AD-5349-48DC-A9C6-6B389F2F5C92}.AppStore|x64.ActiveCfg = Release|Any CPU
		{F35F12AD-5349-48DC-A9C6-6B389F2F5C92}.AppStore|x86.ActiveCfg = Release|Any CPU
		{F35F12AD-5349-48DC-A9C6-6B389F2F5C92}.Debug|Any CPU.ActiveCfg = Debug|Any CPU
		{F35F12AD-5349-48DC-A9C6-6B389F2F5C92}.Debug|Any CPU.Build.0 = Debug|Any CPU
		{F35F12AD-5349-48DC-A9C6-6B389F2F5C92}.Debug|ARM.ActiveCfg = Debug|Any CPU
		{F35F12AD-5349-48DC-A9C6-6B389F2F5C92}.Debug|iPhone.ActiveCfg = Debug|Any CPU
		{F35F12AD-5349-48DC-A9C6-6B389F2F5C92}.Debug|iPhoneSimulator.ActiveCfg = Debug|Any CPU
		{F35F12AD-5349-48DC-A9C6-6B389F2F5C92}.Debug|Mixed Platforms.ActiveCfg = Debug|Any CPU
		{F35F12AD-5349-48DC-A9C6-6B389F2F5C92}.Debug|Mixed Platforms.Build.0 = Debug|Any CPU
		{F35F12AD-5349-48DC-A9C6-6B389F2F5C92}.Debug|x64.ActiveCfg = Debug|Any CPU
		{F35F12AD-5349-48DC-A9C6-6B389F2F5C92}.Debug|x86.ActiveCfg = Debug|Any CPU
		{F35F12AD-5349-48DC-A9C6-6B389F2F5C92}.Release|Any CPU.ActiveCfg = Release|Any CPU
		{F35F12AD-5349-48DC-A9C6-6B389F2F5C92}.Release|Any CPU.Build.0 = Release|Any CPU
		{F35F12AD-5349-48DC-A9C6-6B389F2F5C92}.Release|ARM.ActiveCfg = Release|Any CPU
		{F35F12AD-5349-48DC-A9C6-6B389F2F5C92}.Release|iPhone.ActiveCfg = Release|Any CPU
		{F35F12AD-5349-48DC-A9C6-6B389F2F5C92}.Release|iPhoneSimulator.ActiveCfg = Release|Any CPU
		{F35F12AD-5349-48DC-A9C6-6B389F2F5C92}.Release|Mixed Platforms.ActiveCfg = Release|Any CPU
		{F35F12AD-5349-48DC-A9C6-6B389F2F5C92}.Release|Mixed Platforms.Build.0 = Release|Any CPU
		{F35F12AD-5349-48DC-A9C6-6B389F2F5C92}.Release|x64.ActiveCfg = Release|Any CPU
		{F35F12AD-5349-48DC-A9C6-6B389F2F5C92}.Release|x86.ActiveCfg = Release|Any CPU
		{BB82323E-EB57-4767-B2D0-C3F321E2FD81}.Ad-Hoc|Any CPU.ActiveCfg = Ad-Hoc|iPhone
		{BB82323E-EB57-4767-B2D0-C3F321E2FD81}.Ad-Hoc|ARM.ActiveCfg = Ad-Hoc|iPhone
		{BB82323E-EB57-4767-B2D0-C3F321E2FD81}.Ad-Hoc|iPhone.ActiveCfg = Ad-Hoc|iPhone
		{BB82323E-EB57-4767-B2D0-C3F321E2FD81}.Ad-Hoc|iPhone.Build.0 = Ad-Hoc|iPhone
		{BB82323E-EB57-4767-B2D0-C3F321E2FD81}.Ad-Hoc|iPhoneSimulator.ActiveCfg = Ad-Hoc|iPhoneSimulator
		{BB82323E-EB57-4767-B2D0-C3F321E2FD81}.Ad-Hoc|iPhoneSimulator.Build.0 = Ad-Hoc|iPhoneSimulator
		{BB82323E-EB57-4767-B2D0-C3F321E2FD81}.Ad-Hoc|Mixed Platforms.ActiveCfg = Ad-Hoc|iPhone
		{BB82323E-EB57-4767-B2D0-C3F321E2FD81}.Ad-Hoc|Mixed Platforms.Build.0 = Ad-Hoc|iPhone
		{BB82323E-EB57-4767-B2D0-C3F321E2FD81}.Ad-Hoc|x64.ActiveCfg = Ad-Hoc|iPhone
		{BB82323E-EB57-4767-B2D0-C3F321E2FD81}.Ad-Hoc|x86.ActiveCfg = Ad-Hoc|iPhone
		{BB82323E-EB57-4767-B2D0-C3F321E2FD81}.AppStore|Any CPU.ActiveCfg = AppStore|iPhone
		{BB82323E-EB57-4767-B2D0-C3F321E2FD81}.AppStore|ARM.ActiveCfg = AppStore|iPhone
		{BB82323E-EB57-4767-B2D0-C3F321E2FD81}.AppStore|iPhone.ActiveCfg = AppStore|iPhone
		{BB82323E-EB57-4767-B2D0-C3F321E2FD81}.AppStore|iPhone.Build.0 = AppStore|iPhone
		{BB82323E-EB57-4767-B2D0-C3F321E2FD81}.AppStore|iPhoneSimulator.ActiveCfg = AppStore|iPhoneSimulator
		{BB82323E-EB57-4767-B2D0-C3F321E2FD81}.AppStore|iPhoneSimulator.Build.0 = AppStore|iPhoneSimulator
		{BB82323E-EB57-4767-B2D0-C3F321E2FD81}.AppStore|Mixed Platforms.ActiveCfg = AppStore|iPhone
		{BB82323E-EB57-4767-B2D0-C3F321E2FD81}.AppStore|Mixed Platforms.Build.0 = AppStore|iPhone
		{BB82323E-EB57-4767-B2D0-C3F321E2FD81}.AppStore|x64.ActiveCfg = AppStore|iPhone
		{BB82323E-EB57-4767-B2D0-C3F321E2FD81}.AppStore|x86.ActiveCfg = AppStore|iPhone
		{BB82323E-EB57-4767-B2D0-C3F321E2FD81}.Debug|Any CPU.ActiveCfg = Debug|iPhone
		{BB82323E-EB57-4767-B2D0-C3F321E2FD81}.Debug|ARM.ActiveCfg = Debug|iPhone
		{BB82323E-EB57-4767-B2D0-C3F321E2FD81}.Debug|iPhone.ActiveCfg = Debug|iPhone
		{BB82323E-EB57-4767-B2D0-C3F321E2FD81}.Debug|iPhone.Build.0 = Debug|iPhone
		{BB82323E-EB57-4767-B2D0-C3F321E2FD81}.Debug|iPhoneSimulator.ActiveCfg = Debug|iPhoneSimulator
		{BB82323E-EB57-4767-B2D0-C3F321E2FD81}.Debug|iPhoneSimulator.Build.0 = Debug|iPhoneSimulator
		{BB82323E-EB57-4767-B2D0-C3F321E2FD81}.Debug|Mixed Platforms.ActiveCfg = Debug|iPhone
		{BB82323E-EB57-4767-B2D0-C3F321E2FD81}.Debug|Mixed Platforms.Build.0 = Debug|iPhone
		{BB82323E-EB57-4767-B2D0-C3F321E2FD81}.Debug|x64.ActiveCfg = Debug|iPhone
		{BB82323E-EB57-4767-B2D0-C3F321E2FD81}.Debug|x86.ActiveCfg = Debug|iPhone
		{BB82323E-EB57-4767-B2D0-C3F321E2FD81}.Release|Any CPU.ActiveCfg = Release|iPhone
		{BB82323E-EB57-4767-B2D0-C3F321E2FD81}.Release|ARM.ActiveCfg = Release|iPhone
		{BB82323E-EB57-4767-B2D0-C3F321E2FD81}.Release|iPhone.ActiveCfg = Release|iPhone
		{BB82323E-EB57-4767-B2D0-C3F321E2FD81}.Release|iPhone.Build.0 = Release|iPhone
		{BB82323E-EB57-4767-B2D0-C3F321E2FD81}.Release|iPhoneSimulator.ActiveCfg = Release|iPhoneSimulator
		{BB82323E-EB57-4767-B2D0-C3F321E2FD81}.Release|iPhoneSimulator.Build.0 = Release|iPhoneSimulator
		{BB82323E-EB57-4767-B2D0-C3F321E2FD81}.Release|Mixed Platforms.ActiveCfg = Release|iPhone
		{BB82323E-EB57-4767-B2D0-C3F321E2FD81}.Release|Mixed Platforms.Build.0 = Release|iPhone
		{BB82323E-EB57-4767-B2D0-C3F321E2FD81}.Release|x64.ActiveCfg = Release|iPhone
		{BB82323E-EB57-4767-B2D0-C3F321E2FD81}.Release|x86.ActiveCfg = Release|iPhone
		{983427CA-0302-443E-8F17-D7F8FA1A141D}.Ad-Hoc|Any CPU.ActiveCfg = Ad-Hoc|iPhone
		{983427CA-0302-443E-8F17-D7F8FA1A141D}.Ad-Hoc|ARM.ActiveCfg = Ad-Hoc|iPhone
		{983427CA-0302-443E-8F17-D7F8FA1A141D}.Ad-Hoc|iPhone.ActiveCfg = Ad-Hoc|iPhone
		{983427CA-0302-443E-8F17-D7F8FA1A141D}.Ad-Hoc|iPhone.Build.0 = Ad-Hoc|iPhone
		{983427CA-0302-443E-8F17-D7F8FA1A141D}.Ad-Hoc|iPhoneSimulator.ActiveCfg = Ad-Hoc|iPhoneSimulator
		{983427CA-0302-443E-8F17-D7F8FA1A141D}.Ad-Hoc|iPhoneSimulator.Build.0 = Ad-Hoc|iPhoneSimulator
		{983427CA-0302-443E-8F17-D7F8FA1A141D}.Ad-Hoc|Mixed Platforms.ActiveCfg = Ad-Hoc|iPhone
		{983427CA-0302-443E-8F17-D7F8FA1A141D}.Ad-Hoc|Mixed Platforms.Build.0 = Ad-Hoc|iPhone
		{983427CA-0302-443E-8F17-D7F8FA1A141D}.Ad-Hoc|x64.ActiveCfg = Ad-Hoc|iPhone
		{983427CA-0302-443E-8F17-D7F8FA1A141D}.Ad-Hoc|x86.ActiveCfg = Ad-Hoc|iPhone
		{983427CA-0302-443E-8F17-D7F8FA1A141D}.AppStore|Any CPU.ActiveCfg = AppStore|iPhone
		{983427CA-0302-443E-8F17-D7F8FA1A141D}.AppStore|ARM.ActiveCfg = AppStore|iPhone
		{983427CA-0302-443E-8F17-D7F8FA1A141D}.AppStore|iPhone.ActiveCfg = AppStore|iPhone
		{983427CA-0302-443E-8F17-D7F8FA1A141D}.AppStore|iPhone.Build.0 = AppStore|iPhone
		{983427CA-0302-443E-8F17-D7F8FA1A141D}.AppStore|iPhoneSimulator.ActiveCfg = AppStore|iPhoneSimulator
		{983427CA-0302-443E-8F17-D7F8FA1A141D}.AppStore|iPhoneSimulator.Build.0 = AppStore|iPhoneSimulator
		{983427CA-0302-443E-8F17-D7F8FA1A141D}.AppStore|Mixed Platforms.ActiveCfg = AppStore|iPhone
		{983427CA-0302-443E-8F17-D7F8FA1A141D}.AppStore|Mixed Platforms.Build.0 = AppStore|iPhone
		{983427CA-0302-443E-8F17-D7F8FA1A141D}.AppStore|x64.ActiveCfg = AppStore|iPhone
		{983427CA-0302-443E-8F17-D7F8FA1A141D}.AppStore|x86.ActiveCfg = AppStore|iPhone
		{983427CA-0302-443E-8F17-D7F8FA1A141D}.Debug|Any CPU.ActiveCfg = Debug|iPhone
		{983427CA-0302-443E-8F17-D7F8FA1A141D}.Debug|ARM.ActiveCfg = Debug|iPhone
		{983427CA-0302-443E-8F17-D7F8FA1A141D}.Debug|iPhone.ActiveCfg = Debug|iPhone
		{983427CA-0302-443E-8F17-D7F8FA1A141D}.Debug|iPhone.Build.0 = Debug|iPhone
		{983427CA-0302-443E-8F17-D7F8FA1A141D}.Debug|iPhoneSimulator.ActiveCfg = Debug|iPhoneSimulator
		{983427CA-0302-443E-8F17-D7F8FA1A141D}.Debug|iPhoneSimulator.Build.0 = Debug|iPhoneSimulator
		{983427CA-0302-443E-8F17-D7F8FA1A141D}.Debug|Mixed Platforms.ActiveCfg = Debug|iPhone
		{983427CA-0302-443E-8F17-D7F8FA1A141D}.Debug|Mixed Platforms.Build.0 = Debug|iPhone
		{983427CA-0302-443E-8F17-D7F8FA1A141D}.Debug|x64.ActiveCfg = Debug|iPhone
		{983427CA-0302-443E-8F17-D7F8FA1A141D}.Debug|x86.ActiveCfg = Debug|iPhone
		{983427CA-0302-443E-8F17-D7F8FA1A141D}.Release|Any CPU.ActiveCfg = Release|iPhone
		{983427CA-0302-443E-8F17-D7F8FA1A141D}.Release|ARM.ActiveCfg = Release|iPhone
		{983427CA-0302-443E-8F17-D7F8FA1A141D}.Release|iPhone.ActiveCfg = Release|iPhone
		{983427CA-0302-443E-8F17-D7F8FA1A141D}.Release|iPhone.Build.0 = Release|iPhone
		{983427CA-0302-443E-8F17-D7F8FA1A141D}.Release|iPhoneSimulator.ActiveCfg = Release|iPhoneSimulator
		{983427CA-0302-443E-8F17-D7F8FA1A141D}.Release|iPhoneSimulator.Build.0 = Release|iPhoneSimulator
		{983427CA-0302-443E-8F17-D7F8FA1A141D}.Release|Mixed Platforms.ActiveCfg = Release|iPhone
		{983427CA-0302-443E-8F17-D7F8FA1A141D}.Release|Mixed Platforms.Build.0 = Release|iPhone
		{983427CA-0302-443E-8F17-D7F8FA1A141D}.Release|x64.ActiveCfg = Release|iPhone
		{983427CA-0302-443E-8F17-D7F8FA1A141D}.Release|x86.ActiveCfg = Release|iPhone
		{F20494E8-9C40-4479-AC27-51BBD3EAE94A}.Ad-Hoc|Any CPU.ActiveCfg = Release|Any CPU
		{F20494E8-9C40-4479-AC27-51BBD3EAE94A}.Ad-Hoc|Any CPU.Build.0 = Release|Any CPU
		{F20494E8-9C40-4479-AC27-51BBD3EAE94A}.Ad-Hoc|ARM.ActiveCfg = Release|Any CPU
		{F20494E8-9C40-4479-AC27-51BBD3EAE94A}.Ad-Hoc|iPhone.ActiveCfg = Release|Any CPU
		{F20494E8-9C40-4479-AC27-51BBD3EAE94A}.Ad-Hoc|iPhoneSimulator.ActiveCfg = Release|Any CPU
		{F20494E8-9C40-4479-AC27-51BBD3EAE94A}.Ad-Hoc|Mixed Platforms.ActiveCfg = Release|Any CPU
		{F20494E8-9C40-4479-AC27-51BBD3EAE94A}.Ad-Hoc|Mixed Platforms.Build.0 = Release|Any CPU
		{F20494E8-9C40-4479-AC27-51BBD3EAE94A}.Ad-Hoc|x64.ActiveCfg = Release|Any CPU
		{F20494E8-9C40-4479-AC27-51BBD3EAE94A}.Ad-Hoc|x86.ActiveCfg = Release|Any CPU
		{F20494E8-9C40-4479-AC27-51BBD3EAE94A}.AppStore|Any CPU.ActiveCfg = Release|Any CPU
		{F20494E8-9C40-4479-AC27-51BBD3EAE94A}.AppStore|Any CPU.Build.0 = Release|Any CPU
		{F20494E8-9C40-4479-AC27-51BBD3EAE94A}.AppStore|ARM.ActiveCfg = Release|Any CPU
		{F20494E8-9C40-4479-AC27-51BBD3EAE94A}.AppStore|iPhone.ActiveCfg = Release|Any CPU
		{F20494E8-9C40-4479-AC27-51BBD3EAE94A}.AppStore|iPhoneSimulator.ActiveCfg = Release|Any CPU
		{F20494E8-9C40-4479-AC27-51BBD3EAE94A}.AppStore|Mixed Platforms.ActiveCfg = Release|Any CPU
		{F20494E8-9C40-4479-AC27-51BBD3EAE94A}.AppStore|Mixed Platforms.Build.0 = Release|Any CPU
		{F20494E8-9C40-4479-AC27-51BBD3EAE94A}.AppStore|x64.ActiveCfg = Release|Any CPU
		{F20494E8-9C40-4479-AC27-51BBD3EAE94A}.AppStore|x86.ActiveCfg = Release|Any CPU
		{F20494E8-9C40-4479-AC27-51BBD3EAE94A}.Debug|Any CPU.ActiveCfg = Debug|Any CPU
		{F20494E8-9C40-4479-AC27-51BBD3EAE94A}.Debug|Any CPU.Build.0 = Debug|Any CPU
		{F20494E8-9C40-4479-AC27-51BBD3EAE94A}.Debug|ARM.ActiveCfg = Debug|Any CPU
		{F20494E8-9C40-4479-AC27-51BBD3EAE94A}.Debug|iPhone.ActiveCfg = Debug|Any CPU
		{F20494E8-9C40-4479-AC27-51BBD3EAE94A}.Debug|iPhoneSimulator.ActiveCfg = Debug|Any CPU
		{F20494E8-9C40-4479-AC27-51BBD3EAE94A}.Debug|Mixed Platforms.ActiveCfg = Debug|Any CPU
		{F20494E8-9C40-4479-AC27-51BBD3EAE94A}.Debug|Mixed Platforms.Build.0 = Debug|Any CPU
		{F20494E8-9C40-4479-AC27-51BBD3EAE94A}.Debug|x64.ActiveCfg = Debug|Any CPU
		{F20494E8-9C40-4479-AC27-51BBD3EAE94A}.Debug|x86.ActiveCfg = Debug|Any CPU
		{F20494E8-9C40-4479-AC27-51BBD3EAE94A}.Release|Any CPU.ActiveCfg = Release|Any CPU
		{F20494E8-9C40-4479-AC27-51BBD3EAE94A}.Release|Any CPU.Build.0 = Release|Any CPU
		{F20494E8-9C40-4479-AC27-51BBD3EAE94A}.Release|ARM.ActiveCfg = Release|Any CPU
		{F20494E8-9C40-4479-AC27-51BBD3EAE94A}.Release|iPhone.ActiveCfg = Release|Any CPU
		{F20494E8-9C40-4479-AC27-51BBD3EAE94A}.Release|iPhoneSimulator.ActiveCfg = Release|Any CPU
		{F20494E8-9C40-4479-AC27-51BBD3EAE94A}.Release|Mixed Platforms.ActiveCfg = Release|Any CPU
		{F20494E8-9C40-4479-AC27-51BBD3EAE94A}.Release|Mixed Platforms.Build.0 = Release|Any CPU
		{F20494E8-9C40-4479-AC27-51BBD3EAE94A}.Release|x64.ActiveCfg = Release|Any CPU
		{F20494E8-9C40-4479-AC27-51BBD3EAE94A}.Release|x86.ActiveCfg = Release|Any CPU
		{D3A2A682-6071-43EE-BB67-14D6357E97E0}.Ad-Hoc|Any CPU.ActiveCfg = Release|Any CPU
		{D3A2A682-6071-43EE-BB67-14D6357E97E0}.Ad-Hoc|Any CPU.Build.0 = Release|Any CPU
		{D3A2A682-6071-43EE-BB67-14D6357E97E0}.Ad-Hoc|ARM.ActiveCfg = Release|Any CPU
		{D3A2A682-6071-43EE-BB67-14D6357E97E0}.Ad-Hoc|iPhone.ActiveCfg = Release|Any CPU
		{D3A2A682-6071-43EE-BB67-14D6357E97E0}.Ad-Hoc|iPhoneSimulator.ActiveCfg = Release|Any CPU
		{D3A2A682-6071-43EE-BB67-14D6357E97E0}.Ad-Hoc|Mixed Platforms.ActiveCfg = Release|Any CPU
		{D3A2A682-6071-43EE-BB67-14D6357E97E0}.Ad-Hoc|Mixed Platforms.Build.0 = Release|Any CPU
		{D3A2A682-6071-43EE-BB67-14D6357E97E0}.Ad-Hoc|x64.ActiveCfg = Release|Any CPU
		{D3A2A682-6071-43EE-BB67-14D6357E97E0}.Ad-Hoc|x86.ActiveCfg = Release|Any CPU
		{D3A2A682-6071-43EE-BB67-14D6357E97E0}.AppStore|Any CPU.ActiveCfg = Release|Any CPU
		{D3A2A682-6071-43EE-BB67-14D6357E97E0}.AppStore|Any CPU.Build.0 = Release|Any CPU
		{D3A2A682-6071-43EE-BB67-14D6357E97E0}.AppStore|ARM.ActiveCfg = Release|Any CPU
		{D3A2A682-6071-43EE-BB67-14D6357E97E0}.AppStore|iPhone.ActiveCfg = Release|Any CPU
		{D3A2A682-6071-43EE-BB67-14D6357E97E0}.AppStore|iPhoneSimulator.ActiveCfg = Release|Any CPU
		{D3A2A682-6071-43EE-BB67-14D6357E97E0}.AppStore|Mixed Platforms.ActiveCfg = Release|Any CPU
		{D3A2A682-6071-43EE-BB67-14D6357E97E0}.AppStore|Mixed Platforms.Build.0 = Release|Any CPU
		{D3A2A682-6071-43EE-BB67-14D6357E97E0}.AppStore|x64.ActiveCfg = Release|Any CPU
		{D3A2A682-6071-43EE-BB67-14D6357E97E0}.AppStore|x86.ActiveCfg = Release|Any CPU
		{D3A2A682-6071-43EE-BB67-14D6357E97E0}.Debug|Any CPU.ActiveCfg = Debug|Any CPU
		{D3A2A682-6071-43EE-BB67-14D6357E97E0}.Debug|Any CPU.Build.0 = Debug|Any CPU
		{D3A2A682-6071-43EE-BB67-14D6357E97E0}.Debug|ARM.ActiveCfg = Debug|Any CPU
		{D3A2A682-6071-43EE-BB67-14D6357E97E0}.Debug|iPhone.ActiveCfg = Debug|Any CPU
		{D3A2A682-6071-43EE-BB67-14D6357E97E0}.Debug|iPhoneSimulator.ActiveCfg = Debug|Any CPU
		{D3A2A682-6071-43EE-BB67-14D6357E97E0}.Debug|Mixed Platforms.ActiveCfg = Debug|Any CPU
		{D3A2A682-6071-43EE-BB67-14D6357E97E0}.Debug|Mixed Platforms.Build.0 = Debug|Any CPU
		{D3A2A682-6071-43EE-BB67-14D6357E97E0}.Debug|x64.ActiveCfg = Debug|Any CPU
		{D3A2A682-6071-43EE-BB67-14D6357E97E0}.Debug|x86.ActiveCfg = Debug|Any CPU
		{D3A2A682-6071-43EE-BB67-14D6357E97E0}.Release|Any CPU.ActiveCfg = Release|Any CPU
		{D3A2A682-6071-43EE-BB67-14D6357E97E0}.Release|Any CPU.Build.0 = Release|Any CPU
		{D3A2A682-6071-43EE-BB67-14D6357E97E0}.Release|ARM.ActiveCfg = Release|Any CPU
		{D3A2A682-6071-43EE-BB67-14D6357E97E0}.Release|iPhone.ActiveCfg = Release|Any CPU
		{D3A2A682-6071-43EE-BB67-14D6357E97E0}.Release|iPhoneSimulator.ActiveCfg = Release|Any CPU
		{D3A2A682-6071-43EE-BB67-14D6357E97E0}.Release|Mixed Platforms.ActiveCfg = Release|Any CPU
		{D3A2A682-6071-43EE-BB67-14D6357E97E0}.Release|Mixed Platforms.Build.0 = Release|Any CPU
		{D3A2A682-6071-43EE-BB67-14D6357E97E0}.Release|x64.ActiveCfg = Release|Any CPU
		{D3A2A682-6071-43EE-BB67-14D6357E97E0}.Release|x86.ActiveCfg = Release|Any CPU
		{CA9A3EA1-C6F1-41EB-8623-49129C4A3E76}.Ad-Hoc|Any CPU.ActiveCfg = Release|Any CPU
		{CA9A3EA1-C6F1-41EB-8623-49129C4A3E76}.Ad-Hoc|Any CPU.Build.0 = Release|Any CPU
		{CA9A3EA1-C6F1-41EB-8623-49129C4A3E76}.Ad-Hoc|ARM.ActiveCfg = Release|Any CPU
		{CA9A3EA1-C6F1-41EB-8623-49129C4A3E76}.Ad-Hoc|iPhone.ActiveCfg = Release|Any CPU
		{CA9A3EA1-C6F1-41EB-8623-49129C4A3E76}.Ad-Hoc|iPhoneSimulator.ActiveCfg = Release|Any CPU
		{CA9A3EA1-C6F1-41EB-8623-49129C4A3E76}.Ad-Hoc|Mixed Platforms.ActiveCfg = Release|Any CPU
		{CA9A3EA1-C6F1-41EB-8623-49129C4A3E76}.Ad-Hoc|Mixed Platforms.Build.0 = Release|Any CPU
		{CA9A3EA1-C6F1-41EB-8623-49129C4A3E76}.Ad-Hoc|x64.ActiveCfg = Release|Any CPU
		{CA9A3EA1-C6F1-41EB-8623-49129C4A3E76}.Ad-Hoc|x86.ActiveCfg = Release|Any CPU
		{CA9A3EA1-C6F1-41EB-8623-49129C4A3E76}.AppStore|Any CPU.ActiveCfg = Release|Any CPU
		{CA9A3EA1-C6F1-41EB-8623-49129C4A3E76}.AppStore|Any CPU.Build.0 = Release|Any CPU
		{CA9A3EA1-C6F1-41EB-8623-49129C4A3E76}.AppStore|ARM.ActiveCfg = Release|Any CPU
		{CA9A3EA1-C6F1-41EB-8623-49129C4A3E76}.AppStore|iPhone.ActiveCfg = Release|Any CPU
		{CA9A3EA1-C6F1-41EB-8623-49129C4A3E76}.AppStore|iPhoneSimulator.ActiveCfg = Release|Any CPU
		{CA9A3EA1-C6F1-41EB-8623-49129C4A3E76}.AppStore|Mixed Platforms.ActiveCfg = Release|Any CPU
		{CA9A3EA1-C6F1-41EB-8623-49129C4A3E76}.AppStore|Mixed Platforms.Build.0 = Release|Any CPU
		{CA9A3EA1-C6F1-41EB-8623-49129C4A3E76}.AppStore|x64.ActiveCfg = Release|Any CPU
		{CA9A3EA1-C6F1-41EB-8623-49129C4A3E76}.AppStore|x86.ActiveCfg = Release|Any CPU
		{CA9A3EA1-C6F1-41EB-8623-49129C4A3E76}.Debug|Any CPU.ActiveCfg = Debug|Any CPU
		{CA9A3EA1-C6F1-41EB-8623-49129C4A3E76}.Debug|Any CPU.Build.0 = Debug|Any CPU
		{CA9A3EA1-C6F1-41EB-8623-49129C4A3E76}.Debug|ARM.ActiveCfg = Debug|Any CPU
		{CA9A3EA1-C6F1-41EB-8623-49129C4A3E76}.Debug|iPhone.ActiveCfg = Debug|Any CPU
		{CA9A3EA1-C6F1-41EB-8623-49129C4A3E76}.Debug|iPhoneSimulator.ActiveCfg = Debug|Any CPU
		{CA9A3EA1-C6F1-41EB-8623-49129C4A3E76}.Debug|Mixed Platforms.ActiveCfg = Debug|Any CPU
		{CA9A3EA1-C6F1-41EB-8623-49129C4A3E76}.Debug|Mixed Platforms.Build.0 = Debug|Any CPU
		{CA9A3EA1-C6F1-41EB-8623-49129C4A3E76}.Debug|x64.ActiveCfg = Debug|Any CPU
		{CA9A3EA1-C6F1-41EB-8623-49129C4A3E76}.Debug|x86.ActiveCfg = Debug|Any CPU
		{CA9A3EA1-C6F1-41EB-8623-49129C4A3E76}.Release|Any CPU.ActiveCfg = Release|Any CPU
		{CA9A3EA1-C6F1-41EB-8623-49129C4A3E76}.Release|Any CPU.Build.0 = Release|Any CPU
		{CA9A3EA1-C6F1-41EB-8623-49129C4A3E76}.Release|ARM.ActiveCfg = Release|Any CPU
		{CA9A3EA1-C6F1-41EB-8623-49129C4A3E76}.Release|iPhone.ActiveCfg = Release|Any CPU
		{CA9A3EA1-C6F1-41EB-8623-49129C4A3E76}.Release|iPhoneSimulator.ActiveCfg = Release|Any CPU
		{CA9A3EA1-C6F1-41EB-8623-49129C4A3E76}.Release|Mixed Platforms.ActiveCfg = Release|Any CPU
		{CA9A3EA1-C6F1-41EB-8623-49129C4A3E76}.Release|Mixed Platforms.Build.0 = Release|Any CPU
		{CA9A3EA1-C6F1-41EB-8623-49129C4A3E76}.Release|x64.ActiveCfg = Release|Any CPU
		{CA9A3EA1-C6F1-41EB-8623-49129C4A3E76}.Release|x86.ActiveCfg = Release|Any CPU
		{67F9D3A8-F71E-4428-913F-C37AE82CDB24}.Ad-Hoc|Any CPU.ActiveCfg = Release|Any CPU
		{67F9D3A8-F71E-4428-913F-C37AE82CDB24}.Ad-Hoc|Any CPU.Build.0 = Release|Any CPU
		{67F9D3A8-F71E-4428-913F-C37AE82CDB24}.Ad-Hoc|ARM.ActiveCfg = Release|Any CPU
		{67F9D3A8-F71E-4428-913F-C37AE82CDB24}.Ad-Hoc|iPhone.ActiveCfg = Release|Any CPU
		{67F9D3A8-F71E-4428-913F-C37AE82CDB24}.Ad-Hoc|iPhoneSimulator.ActiveCfg = Release|Any CPU
		{67F9D3A8-F71E-4428-913F-C37AE82CDB24}.Ad-Hoc|Mixed Platforms.ActiveCfg = Release|Any CPU
		{67F9D3A8-F71E-4428-913F-C37AE82CDB24}.Ad-Hoc|Mixed Platforms.Build.0 = Release|Any CPU
		{67F9D3A8-F71E-4428-913F-C37AE82CDB24}.Ad-Hoc|x64.ActiveCfg = Release|Any CPU
		{67F9D3A8-F71E-4428-913F-C37AE82CDB24}.Ad-Hoc|x86.ActiveCfg = Release|Any CPU
		{67F9D3A8-F71E-4428-913F-C37AE82CDB24}.AppStore|Any CPU.ActiveCfg = Release|Any CPU
		{67F9D3A8-F71E-4428-913F-C37AE82CDB24}.AppStore|Any CPU.Build.0 = Release|Any CPU
		{67F9D3A8-F71E-4428-913F-C37AE82CDB24}.AppStore|ARM.ActiveCfg = Release|Any CPU
		{67F9D3A8-F71E-4428-913F-C37AE82CDB24}.AppStore|iPhone.ActiveCfg = Release|Any CPU
		{67F9D3A8-F71E-4428-913F-C37AE82CDB24}.AppStore|iPhoneSimulator.ActiveCfg = Release|Any CPU
		{67F9D3A8-F71E-4428-913F-C37AE82CDB24}.AppStore|Mixed Platforms.ActiveCfg = Release|Any CPU
		{67F9D3A8-F71E-4428-913F-C37AE82CDB24}.AppStore|Mixed Platforms.Build.0 = Release|Any CPU
		{67F9D3A8-F71E-4428-913F-C37AE82CDB24}.AppStore|x64.ActiveCfg = Release|Any CPU
		{67F9D3A8-F71E-4428-913F-C37AE82CDB24}.AppStore|x86.ActiveCfg = Release|Any CPU
		{67F9D3A8-F71E-4428-913F-C37AE82CDB24}.Debug|Any CPU.ActiveCfg = Debug|Any CPU
		{67F9D3A8-F71E-4428-913F-C37AE82CDB24}.Debug|Any CPU.Build.0 = Debug|Any CPU
		{67F9D3A8-F71E-4428-913F-C37AE82CDB24}.Debug|ARM.ActiveCfg = Debug|Any CPU
		{67F9D3A8-F71E-4428-913F-C37AE82CDB24}.Debug|iPhone.ActiveCfg = Debug|Any CPU
		{67F9D3A8-F71E-4428-913F-C37AE82CDB24}.Debug|iPhoneSimulator.ActiveCfg = Debug|Any CPU
		{67F9D3A8-F71E-4428-913F-C37AE82CDB24}.Debug|Mixed Platforms.ActiveCfg = Debug|Any CPU
		{67F9D3A8-F71E-4428-913F-C37AE82CDB24}.Debug|Mixed Platforms.Build.0 = Debug|Any CPU
		{67F9D3A8-F71E-4428-913F-C37AE82CDB24}.Debug|x64.ActiveCfg = Debug|Any CPU
		{67F9D3A8-F71E-4428-913F-C37AE82CDB24}.Debug|x86.ActiveCfg = Debug|Any CPU
		{67F9D3A8-F71E-4428-913F-C37AE82CDB24}.Release|Any CPU.ActiveCfg = Release|Any CPU
		{67F9D3A8-F71E-4428-913F-C37AE82CDB24}.Release|Any CPU.Build.0 = Release|Any CPU
		{67F9D3A8-F71E-4428-913F-C37AE82CDB24}.Release|ARM.ActiveCfg = Release|Any CPU
		{67F9D3A8-F71E-4428-913F-C37AE82CDB24}.Release|iPhone.ActiveCfg = Release|Any CPU
		{67F9D3A8-F71E-4428-913F-C37AE82CDB24}.Release|iPhoneSimulator.ActiveCfg = Release|Any CPU
		{67F9D3A8-F71E-4428-913F-C37AE82CDB24}.Release|Mixed Platforms.ActiveCfg = Release|Any CPU
		{67F9D3A8-F71E-4428-913F-C37AE82CDB24}.Release|Mixed Platforms.Build.0 = Release|Any CPU
		{67F9D3A8-F71E-4428-913F-C37AE82CDB24}.Release|x64.ActiveCfg = Release|Any CPU
		{67F9D3A8-F71E-4428-913F-C37AE82CDB24}.Release|x86.ActiveCfg = Release|Any CPU
		{0090CE85-9872-450F-B9FF-9FE64C525EBA}.Ad-Hoc|Any CPU.ActiveCfg = Release|Any CPU
		{0090CE85-9872-450F-B9FF-9FE64C525EBA}.Ad-Hoc|Any CPU.Build.0 = Release|Any CPU
		{0090CE85-9872-450F-B9FF-9FE64C525EBA}.Ad-Hoc|ARM.ActiveCfg = Release|Any CPU
		{0090CE85-9872-450F-B9FF-9FE64C525EBA}.Ad-Hoc|iPhone.ActiveCfg = Release|Any CPU
		{0090CE85-9872-450F-B9FF-9FE64C525EBA}.Ad-Hoc|iPhoneSimulator.ActiveCfg = Release|Any CPU
		{0090CE85-9872-450F-B9FF-9FE64C525EBA}.Ad-Hoc|Mixed Platforms.ActiveCfg = Release|Any CPU
		{0090CE85-9872-450F-B9FF-9FE64C525EBA}.Ad-Hoc|Mixed Platforms.Build.0 = Release|Any CPU
		{0090CE85-9872-450F-B9FF-9FE64C525EBA}.Ad-Hoc|x64.ActiveCfg = Release|Any CPU
		{0090CE85-9872-450F-B9FF-9FE64C525EBA}.Ad-Hoc|x86.ActiveCfg = Release|Any CPU
		{0090CE85-9872-450F-B9FF-9FE64C525EBA}.AppStore|Any CPU.ActiveCfg = Release|Any CPU
		{0090CE85-9872-450F-B9FF-9FE64C525EBA}.AppStore|Any CPU.Build.0 = Release|Any CPU
		{0090CE85-9872-450F-B9FF-9FE64C525EBA}.AppStore|ARM.ActiveCfg = Release|Any CPU
		{0090CE85-9872-450F-B9FF-9FE64C525EBA}.AppStore|iPhone.ActiveCfg = Release|Any CPU
		{0090CE85-9872-450F-B9FF-9FE64C525EBA}.AppStore|iPhoneSimulator.ActiveCfg = Release|Any CPU
		{0090CE85-9872-450F-B9FF-9FE64C525EBA}.AppStore|Mixed Platforms.ActiveCfg = Release|Any CPU
		{0090CE85-9872-450F-B9FF-9FE64C525EBA}.AppStore|Mixed Platforms.Build.0 = Release|Any CPU
		{0090CE85-9872-450F-B9FF-9FE64C525EBA}.AppStore|x64.ActiveCfg = Release|Any CPU
		{0090CE85-9872-450F-B9FF-9FE64C525EBA}.AppStore|x86.ActiveCfg = Release|Any CPU
		{0090CE85-9872-450F-B9FF-9FE64C525EBA}.Debug|Any CPU.ActiveCfg = Debug|Any CPU
		{0090CE85-9872-450F-B9FF-9FE64C525EBA}.Debug|Any CPU.Build.0 = Debug|Any CPU
		{0090CE85-9872-450F-B9FF-9FE64C525EBA}.Debug|ARM.ActiveCfg = Debug|Any CPU
		{0090CE85-9872-450F-B9FF-9FE64C525EBA}.Debug|iPhone.ActiveCfg = Debug|Any CPU
		{0090CE85-9872-450F-B9FF-9FE64C525EBA}.Debug|iPhoneSimulator.ActiveCfg = Debug|Any CPU
		{0090CE85-9872-450F-B9FF-9FE64C525EBA}.Debug|Mixed Platforms.ActiveCfg = Debug|Any CPU
		{0090CE85-9872-450F-B9FF-9FE64C525EBA}.Debug|Mixed Platforms.Build.0 = Debug|Any CPU
		{0090CE85-9872-450F-B9FF-9FE64C525EBA}.Debug|x64.ActiveCfg = Debug|Any CPU
		{0090CE85-9872-450F-B9FF-9FE64C525EBA}.Debug|x86.ActiveCfg = Debug|Any CPU
		{0090CE85-9872-450F-B9FF-9FE64C525EBA}.Release|Any CPU.ActiveCfg = Release|Any CPU
		{0090CE85-9872-450F-B9FF-9FE64C525EBA}.Release|Any CPU.Build.0 = Release|Any CPU
		{0090CE85-9872-450F-B9FF-9FE64C525EBA}.Release|ARM.ActiveCfg = Release|Any CPU
		{0090CE85-9872-450F-B9FF-9FE64C525EBA}.Release|iPhone.ActiveCfg = Release|Any CPU
		{0090CE85-9872-450F-B9FF-9FE64C525EBA}.Release|iPhoneSimulator.ActiveCfg = Release|Any CPU
		{0090CE85-9872-450F-B9FF-9FE64C525EBA}.Release|Mixed Platforms.ActiveCfg = Release|Any CPU
		{0090CE85-9872-450F-B9FF-9FE64C525EBA}.Release|Mixed Platforms.Build.0 = Release|Any CPU
		{0090CE85-9872-450F-B9FF-9FE64C525EBA}.Release|x64.ActiveCfg = Release|Any CPU
		{0090CE85-9872-450F-B9FF-9FE64C525EBA}.Release|x86.ActiveCfg = Release|Any CPU
		{FBDADA70-E9E7-4BCE-B251-D74F19F7A366}.Ad-Hoc|Any CPU.ActiveCfg = Release|Any CPU
		{FBDADA70-E9E7-4BCE-B251-D74F19F7A366}.Ad-Hoc|Any CPU.Build.0 = Release|Any CPU
		{FBDADA70-E9E7-4BCE-B251-D74F19F7A366}.Ad-Hoc|ARM.ActiveCfg = Release|Any CPU
		{FBDADA70-E9E7-4BCE-B251-D74F19F7A366}.Ad-Hoc|iPhone.ActiveCfg = Release|Any CPU
		{FBDADA70-E9E7-4BCE-B251-D74F19F7A366}.Ad-Hoc|iPhoneSimulator.ActiveCfg = Release|Any CPU
		{FBDADA70-E9E7-4BCE-B251-D74F19F7A366}.Ad-Hoc|Mixed Platforms.ActiveCfg = Release|Any CPU
		{FBDADA70-E9E7-4BCE-B251-D74F19F7A366}.Ad-Hoc|Mixed Platforms.Build.0 = Release|Any CPU
		{FBDADA70-E9E7-4BCE-B251-D74F19F7A366}.Ad-Hoc|x64.ActiveCfg = Release|Any CPU
		{FBDADA70-E9E7-4BCE-B251-D74F19F7A366}.Ad-Hoc|x86.ActiveCfg = Release|Any CPU
		{FBDADA70-E9E7-4BCE-B251-D74F19F7A366}.AppStore|Any CPU.ActiveCfg = Release|Any CPU
		{FBDADA70-E9E7-4BCE-B251-D74F19F7A366}.AppStore|Any CPU.Build.0 = Release|Any CPU
		{FBDADA70-E9E7-4BCE-B251-D74F19F7A366}.AppStore|ARM.ActiveCfg = Release|Any CPU
		{FBDADA70-E9E7-4BCE-B251-D74F19F7A366}.AppStore|iPhone.ActiveCfg = Release|Any CPU
		{FBDADA70-E9E7-4BCE-B251-D74F19F7A366}.AppStore|iPhoneSimulator.ActiveCfg = Release|Any CPU
		{FBDADA70-E9E7-4BCE-B251-D74F19F7A366}.AppStore|Mixed Platforms.ActiveCfg = Release|Any CPU
		{FBDADA70-E9E7-4BCE-B251-D74F19F7A366}.AppStore|Mixed Platforms.Build.0 = Release|Any CPU
		{FBDADA70-E9E7-4BCE-B251-D74F19F7A366}.AppStore|x64.ActiveCfg = Release|Any CPU
		{FBDADA70-E9E7-4BCE-B251-D74F19F7A366}.AppStore|x86.ActiveCfg = Release|Any CPU
		{FBDADA70-E9E7-4BCE-B251-D74F19F7A366}.Debug|Any CPU.ActiveCfg = Debug|Any CPU
		{FBDADA70-E9E7-4BCE-B251-D74F19F7A366}.Debug|Any CPU.Build.0 = Debug|Any CPU
		{FBDADA70-E9E7-4BCE-B251-D74F19F7A366}.Debug|ARM.ActiveCfg = Debug|Any CPU
		{FBDADA70-E9E7-4BCE-B251-D74F19F7A366}.Debug|iPhone.ActiveCfg = Debug|Any CPU
		{FBDADA70-E9E7-4BCE-B251-D74F19F7A366}.Debug|iPhoneSimulator.ActiveCfg = Debug|Any CPU
		{FBDADA70-E9E7-4BCE-B251-D74F19F7A366}.Debug|Mixed Platforms.ActiveCfg = Debug|Any CPU
		{FBDADA70-E9E7-4BCE-B251-D74F19F7A366}.Debug|Mixed Platforms.Build.0 = Debug|Any CPU
		{FBDADA70-E9E7-4BCE-B251-D74F19F7A366}.Debug|x64.ActiveCfg = Debug|Any CPU
		{FBDADA70-E9E7-4BCE-B251-D74F19F7A366}.Debug|x86.ActiveCfg = Debug|Any CPU
		{FBDADA70-E9E7-4BCE-B251-D74F19F7A366}.Release|Any CPU.ActiveCfg = Release|Any CPU
		{FBDADA70-E9E7-4BCE-B251-D74F19F7A366}.Release|Any CPU.Build.0 = Release|Any CPU
		{FBDADA70-E9E7-4BCE-B251-D74F19F7A366}.Release|ARM.ActiveCfg = Release|Any CPU
		{FBDADA70-E9E7-4BCE-B251-D74F19F7A366}.Release|iPhone.ActiveCfg = Release|Any CPU
		{FBDADA70-E9E7-4BCE-B251-D74F19F7A366}.Release|iPhoneSimulator.ActiveCfg = Release|Any CPU
		{FBDADA70-E9E7-4BCE-B251-D74F19F7A366}.Release|Mixed Platforms.ActiveCfg = Release|Any CPU
		{FBDADA70-E9E7-4BCE-B251-D74F19F7A366}.Release|Mixed Platforms.Build.0 = Release|Any CPU
		{FBDADA70-E9E7-4BCE-B251-D74F19F7A366}.Release|x64.ActiveCfg = Release|Any CPU
		{FBDADA70-E9E7-4BCE-B251-D74F19F7A366}.Release|x86.ActiveCfg = Release|Any CPU
		{A37A2EB5-4B81-41D1-8380-320E0A24E46F}.Ad-Hoc|Any CPU.ActiveCfg = Release|Any CPU
		{A37A2EB5-4B81-41D1-8380-320E0A24E46F}.Ad-Hoc|Any CPU.Build.0 = Release|Any CPU
		{A37A2EB5-4B81-41D1-8380-320E0A24E46F}.Ad-Hoc|Any CPU.Deploy.0 = Release|Any CPU
		{A37A2EB5-4B81-41D1-8380-320E0A24E46F}.Ad-Hoc|ARM.ActiveCfg = Release|Any CPU
		{A37A2EB5-4B81-41D1-8380-320E0A24E46F}.Ad-Hoc|iPhone.ActiveCfg = Release|Any CPU
		{A37A2EB5-4B81-41D1-8380-320E0A24E46F}.Ad-Hoc|iPhoneSimulator.ActiveCfg = Release|Any CPU
		{A37A2EB5-4B81-41D1-8380-320E0A24E46F}.Ad-Hoc|Mixed Platforms.ActiveCfg = Release|Any CPU
		{A37A2EB5-4B81-41D1-8380-320E0A24E46F}.Ad-Hoc|Mixed Platforms.Build.0 = Release|Any CPU
		{A37A2EB5-4B81-41D1-8380-320E0A24E46F}.Ad-Hoc|Mixed Platforms.Deploy.0 = Release|Any CPU
		{A37A2EB5-4B81-41D1-8380-320E0A24E46F}.Ad-Hoc|x64.ActiveCfg = Release|Any CPU
		{A37A2EB5-4B81-41D1-8380-320E0A24E46F}.Ad-Hoc|x86.ActiveCfg = Release|Any CPU
		{A37A2EB5-4B81-41D1-8380-320E0A24E46F}.AppStore|Any CPU.ActiveCfg = Release|Any CPU
		{A37A2EB5-4B81-41D1-8380-320E0A24E46F}.AppStore|Any CPU.Build.0 = Release|Any CPU
		{A37A2EB5-4B81-41D1-8380-320E0A24E46F}.AppStore|Any CPU.Deploy.0 = Release|Any CPU
		{A37A2EB5-4B81-41D1-8380-320E0A24E46F}.AppStore|ARM.ActiveCfg = Release|Any CPU
		{A37A2EB5-4B81-41D1-8380-320E0A24E46F}.AppStore|iPhone.ActiveCfg = Release|Any CPU
		{A37A2EB5-4B81-41D1-8380-320E0A24E46F}.AppStore|iPhoneSimulator.ActiveCfg = Release|Any CPU
		{A37A2EB5-4B81-41D1-8380-320E0A24E46F}.AppStore|Mixed Platforms.ActiveCfg = Release|Any CPU
		{A37A2EB5-4B81-41D1-8380-320E0A24E46F}.AppStore|Mixed Platforms.Build.0 = Release|Any CPU
		{A37A2EB5-4B81-41D1-8380-320E0A24E46F}.AppStore|Mixed Platforms.Deploy.0 = Release|Any CPU
		{A37A2EB5-4B81-41D1-8380-320E0A24E46F}.AppStore|x64.ActiveCfg = Release|Any CPU
		{A37A2EB5-4B81-41D1-8380-320E0A24E46F}.AppStore|x86.ActiveCfg = Release|Any CPU
		{A37A2EB5-4B81-41D1-8380-320E0A24E46F}.Debug|Any CPU.ActiveCfg = Debug|Any CPU
		{A37A2EB5-4B81-41D1-8380-320E0A24E46F}.Debug|Any CPU.Build.0 = Debug|Any CPU
		{A37A2EB5-4B81-41D1-8380-320E0A24E46F}.Debug|Any CPU.Deploy.0 = Debug|Any CPU
		{A37A2EB5-4B81-41D1-8380-320E0A24E46F}.Debug|ARM.ActiveCfg = Debug|Any CPU
		{A37A2EB5-4B81-41D1-8380-320E0A24E46F}.Debug|iPhone.ActiveCfg = Debug|Any CPU
		{A37A2EB5-4B81-41D1-8380-320E0A24E46F}.Debug|iPhoneSimulator.ActiveCfg = Debug|Any CPU
		{A37A2EB5-4B81-41D1-8380-320E0A24E46F}.Debug|Mixed Platforms.ActiveCfg = Debug|Any CPU
		{A37A2EB5-4B81-41D1-8380-320E0A24E46F}.Debug|Mixed Platforms.Build.0 = Debug|Any CPU
		{A37A2EB5-4B81-41D1-8380-320E0A24E46F}.Debug|Mixed Platforms.Deploy.0 = Debug|Any CPU
		{A37A2EB5-4B81-41D1-8380-320E0A24E46F}.Debug|x64.ActiveCfg = Debug|Any CPU
		{A37A2EB5-4B81-41D1-8380-320E0A24E46F}.Debug|x86.ActiveCfg = Debug|Any CPU
		{A37A2EB5-4B81-41D1-8380-320E0A24E46F}.Release|Any CPU.ActiveCfg = Release|Any CPU
		{A37A2EB5-4B81-41D1-8380-320E0A24E46F}.Release|Any CPU.Build.0 = Release|Any CPU
		{A37A2EB5-4B81-41D1-8380-320E0A24E46F}.Release|Any CPU.Deploy.0 = Release|Any CPU
		{A37A2EB5-4B81-41D1-8380-320E0A24E46F}.Release|ARM.ActiveCfg = Release|Any CPU
		{A37A2EB5-4B81-41D1-8380-320E0A24E46F}.Release|iPhone.ActiveCfg = Release|Any CPU
		{A37A2EB5-4B81-41D1-8380-320E0A24E46F}.Release|iPhoneSimulator.ActiveCfg = Release|Any CPU
		{A37A2EB5-4B81-41D1-8380-320E0A24E46F}.Release|Mixed Platforms.ActiveCfg = Release|Any CPU
		{A37A2EB5-4B81-41D1-8380-320E0A24E46F}.Release|Mixed Platforms.Build.0 = Release|Any CPU
		{A37A2EB5-4B81-41D1-8380-320E0A24E46F}.Release|Mixed Platforms.Deploy.0 = Release|Any CPU
		{A37A2EB5-4B81-41D1-8380-320E0A24E46F}.Release|x64.ActiveCfg = Release|Any CPU
		{A37A2EB5-4B81-41D1-8380-320E0A24E46F}.Release|x86.ActiveCfg = Release|Any CPU
		{90461B99-3235-458A-A964-1C379975BB7F}.Ad-Hoc|Any CPU.ActiveCfg = Ad-Hoc|iPhone
		{90461B99-3235-458A-A964-1C379975BB7F}.Ad-Hoc|ARM.ActiveCfg = Ad-Hoc|iPhone
		{90461B99-3235-458A-A964-1C379975BB7F}.Ad-Hoc|iPhone.ActiveCfg = Ad-Hoc|iPhone
		{90461B99-3235-458A-A964-1C379975BB7F}.Ad-Hoc|iPhone.Build.0 = Ad-Hoc|iPhone
		{90461B99-3235-458A-A964-1C379975BB7F}.Ad-Hoc|iPhoneSimulator.ActiveCfg = Ad-Hoc|iPhoneSimulator
		{90461B99-3235-458A-A964-1C379975BB7F}.Ad-Hoc|iPhoneSimulator.Build.0 = Ad-Hoc|iPhoneSimulator
		{90461B99-3235-458A-A964-1C379975BB7F}.Ad-Hoc|Mixed Platforms.ActiveCfg = Ad-Hoc|iPhone
		{90461B99-3235-458A-A964-1C379975BB7F}.Ad-Hoc|Mixed Platforms.Build.0 = Ad-Hoc|iPhone
		{90461B99-3235-458A-A964-1C379975BB7F}.Ad-Hoc|x64.ActiveCfg = Ad-Hoc|iPhone
		{90461B99-3235-458A-A964-1C379975BB7F}.Ad-Hoc|x86.ActiveCfg = Ad-Hoc|iPhone
		{90461B99-3235-458A-A964-1C379975BB7F}.AppStore|Any CPU.ActiveCfg = AppStore|iPhone
		{90461B99-3235-458A-A964-1C379975BB7F}.AppStore|ARM.ActiveCfg = AppStore|iPhone
		{90461B99-3235-458A-A964-1C379975BB7F}.AppStore|iPhone.ActiveCfg = AppStore|iPhone
		{90461B99-3235-458A-A964-1C379975BB7F}.AppStore|iPhone.Build.0 = AppStore|iPhone
		{90461B99-3235-458A-A964-1C379975BB7F}.AppStore|iPhoneSimulator.ActiveCfg = AppStore|iPhoneSimulator
		{90461B99-3235-458A-A964-1C379975BB7F}.AppStore|iPhoneSimulator.Build.0 = AppStore|iPhoneSimulator
		{90461B99-3235-458A-A964-1C379975BB7F}.AppStore|Mixed Platforms.ActiveCfg = AppStore|iPhone
		{90461B99-3235-458A-A964-1C379975BB7F}.AppStore|Mixed Platforms.Build.0 = AppStore|iPhone
		{90461B99-3235-458A-A964-1C379975BB7F}.AppStore|x64.ActiveCfg = AppStore|iPhone
		{90461B99-3235-458A-A964-1C379975BB7F}.AppStore|x86.ActiveCfg = AppStore|iPhone
		{90461B99-3235-458A-A964-1C379975BB7F}.Debug|Any CPU.ActiveCfg = Debug|iPhone
		{90461B99-3235-458A-A964-1C379975BB7F}.Debug|ARM.ActiveCfg = Debug|iPhone
		{90461B99-3235-458A-A964-1C379975BB7F}.Debug|iPhone.ActiveCfg = Debug|iPhone
		{90461B99-3235-458A-A964-1C379975BB7F}.Debug|iPhone.Build.0 = Debug|iPhone
		{90461B99-3235-458A-A964-1C379975BB7F}.Debug|iPhoneSimulator.ActiveCfg = Debug|iPhoneSimulator
		{90461B99-3235-458A-A964-1C379975BB7F}.Debug|iPhoneSimulator.Build.0 = Debug|iPhoneSimulator
		{90461B99-3235-458A-A964-1C379975BB7F}.Debug|Mixed Platforms.ActiveCfg = Debug|iPhone
		{90461B99-3235-458A-A964-1C379975BB7F}.Debug|Mixed Platforms.Build.0 = Debug|iPhone
		{90461B99-3235-458A-A964-1C379975BB7F}.Debug|x64.ActiveCfg = Debug|iPhone
		{90461B99-3235-458A-A964-1C379975BB7F}.Debug|x86.ActiveCfg = Debug|iPhone
		{90461B99-3235-458A-A964-1C379975BB7F}.Release|Any CPU.ActiveCfg = Release|iPhone
		{90461B99-3235-458A-A964-1C379975BB7F}.Release|ARM.ActiveCfg = Release|iPhone
		{90461B99-3235-458A-A964-1C379975BB7F}.Release|iPhone.ActiveCfg = Release|iPhone
		{90461B99-3235-458A-A964-1C379975BB7F}.Release|iPhone.Build.0 = Release|iPhone
		{90461B99-3235-458A-A964-1C379975BB7F}.Release|iPhoneSimulator.ActiveCfg = Release|iPhoneSimulator
		{90461B99-3235-458A-A964-1C379975BB7F}.Release|iPhoneSimulator.Build.0 = Release|iPhoneSimulator
		{90461B99-3235-458A-A964-1C379975BB7F}.Release|Mixed Platforms.ActiveCfg = Release|iPhone
		{90461B99-3235-458A-A964-1C379975BB7F}.Release|Mixed Platforms.Build.0 = Release|iPhone
		{90461B99-3235-458A-A964-1C379975BB7F}.Release|x64.ActiveCfg = Release|iPhone
		{90461B99-3235-458A-A964-1C379975BB7F}.Release|x86.ActiveCfg = Release|iPhone
		{E61F5A0A-F9FB-4CBF-81C5-8019873BB682}.Ad-Hoc|Any CPU.ActiveCfg = Release|Any CPU
		{E61F5A0A-F9FB-4CBF-81C5-8019873BB682}.Ad-Hoc|Any CPU.Build.0 = Release|Any CPU
		{E61F5A0A-F9FB-4CBF-81C5-8019873BB682}.Ad-Hoc|ARM.ActiveCfg = Release|Any CPU
		{E61F5A0A-F9FB-4CBF-81C5-8019873BB682}.Ad-Hoc|iPhone.ActiveCfg = Release|Any CPU
		{E61F5A0A-F9FB-4CBF-81C5-8019873BB682}.Ad-Hoc|iPhoneSimulator.ActiveCfg = Release|Any CPU
		{E61F5A0A-F9FB-4CBF-81C5-8019873BB682}.Ad-Hoc|Mixed Platforms.ActiveCfg = Release|Any CPU
		{E61F5A0A-F9FB-4CBF-81C5-8019873BB682}.Ad-Hoc|Mixed Platforms.Build.0 = Release|Any CPU
		{E61F5A0A-F9FB-4CBF-81C5-8019873BB682}.Ad-Hoc|x64.ActiveCfg = Release|Any CPU
		{E61F5A0A-F9FB-4CBF-81C5-8019873BB682}.Ad-Hoc|x86.ActiveCfg = Release|Any CPU
		{E61F5A0A-F9FB-4CBF-81C5-8019873BB682}.AppStore|Any CPU.ActiveCfg = Release|Any CPU
		{E61F5A0A-F9FB-4CBF-81C5-8019873BB682}.AppStore|Any CPU.Build.0 = Release|Any CPU
		{E61F5A0A-F9FB-4CBF-81C5-8019873BB682}.AppStore|ARM.ActiveCfg = Release|Any CPU
		{E61F5A0A-F9FB-4CBF-81C5-8019873BB682}.AppStore|iPhone.ActiveCfg = Release|Any CPU
		{E61F5A0A-F9FB-4CBF-81C5-8019873BB682}.AppStore|iPhoneSimulator.ActiveCfg = Release|Any CPU
		{E61F5A0A-F9FB-4CBF-81C5-8019873BB682}.AppStore|Mixed Platforms.ActiveCfg = Release|Any CPU
		{E61F5A0A-F9FB-4CBF-81C5-8019873BB682}.AppStore|Mixed Platforms.Build.0 = Release|Any CPU
		{E61F5A0A-F9FB-4CBF-81C5-8019873BB682}.AppStore|x64.ActiveCfg = Release|Any CPU
		{E61F5A0A-F9FB-4CBF-81C5-8019873BB682}.AppStore|x86.ActiveCfg = Release|Any CPU
		{E61F5A0A-F9FB-4CBF-81C5-8019873BB682}.Debug|Any CPU.ActiveCfg = Debug|Any CPU
		{E61F5A0A-F9FB-4CBF-81C5-8019873BB682}.Debug|Any CPU.Build.0 = Debug|Any CPU
		{E61F5A0A-F9FB-4CBF-81C5-8019873BB682}.Debug|ARM.ActiveCfg = Debug|Any CPU
		{E61F5A0A-F9FB-4CBF-81C5-8019873BB682}.Debug|iPhone.ActiveCfg = Debug|Any CPU
		{E61F5A0A-F9FB-4CBF-81C5-8019873BB682}.Debug|iPhoneSimulator.ActiveCfg = Debug|Any CPU
		{E61F5A0A-F9FB-4CBF-81C5-8019873BB682}.Debug|Mixed Platforms.ActiveCfg = Debug|Any CPU
		{E61F5A0A-F9FB-4CBF-81C5-8019873BB682}.Debug|Mixed Platforms.Build.0 = Debug|Any CPU
		{E61F5A0A-F9FB-4CBF-81C5-8019873BB682}.Debug|x64.ActiveCfg = Debug|Any CPU
		{E61F5A0A-F9FB-4CBF-81C5-8019873BB682}.Debug|x86.ActiveCfg = Debug|Any CPU
		{E61F5A0A-F9FB-4CBF-81C5-8019873BB682}.Release|Any CPU.ActiveCfg = Release|Any CPU
		{E61F5A0A-F9FB-4CBF-81C5-8019873BB682}.Release|Any CPU.Build.0 = Release|Any CPU
		{E61F5A0A-F9FB-4CBF-81C5-8019873BB682}.Release|ARM.ActiveCfg = Release|Any CPU
		{E61F5A0A-F9FB-4CBF-81C5-8019873BB682}.Release|iPhone.ActiveCfg = Release|Any CPU
		{E61F5A0A-F9FB-4CBF-81C5-8019873BB682}.Release|iPhoneSimulator.ActiveCfg = Release|Any CPU
		{E61F5A0A-F9FB-4CBF-81C5-8019873BB682}.Release|Mixed Platforms.ActiveCfg = Release|Any CPU
		{E61F5A0A-F9FB-4CBF-81C5-8019873BB682}.Release|Mixed Platforms.Build.0 = Release|Any CPU
		{E61F5A0A-F9FB-4CBF-81C5-8019873BB682}.Release|x64.ActiveCfg = Release|Any CPU
		{E61F5A0A-F9FB-4CBF-81C5-8019873BB682}.Release|x86.ActiveCfg = Release|Any CPU
		{A6660401-DF1C-4BCA-B9FE-7558F6912DDA}.Ad-Hoc|Any CPU.ActiveCfg = Release|Any CPU
		{A6660401-DF1C-4BCA-B9FE-7558F6912DDA}.Ad-Hoc|Any CPU.Build.0 = Release|Any CPU
		{A6660401-DF1C-4BCA-B9FE-7558F6912DDA}.Ad-Hoc|ARM.ActiveCfg = Release|ARM
		{A6660401-DF1C-4BCA-B9FE-7558F6912DDA}.Ad-Hoc|ARM.Build.0 = Release|ARM
		{A6660401-DF1C-4BCA-B9FE-7558F6912DDA}.Ad-Hoc|iPhone.ActiveCfg = Release|Any CPU
		{A6660401-DF1C-4BCA-B9FE-7558F6912DDA}.Ad-Hoc|iPhone.Build.0 = Release|Any CPU
		{A6660401-DF1C-4BCA-B9FE-7558F6912DDA}.Ad-Hoc|iPhoneSimulator.ActiveCfg = Release|Any CPU
		{A6660401-DF1C-4BCA-B9FE-7558F6912DDA}.Ad-Hoc|iPhoneSimulator.Build.0 = Release|Any CPU
		{A6660401-DF1C-4BCA-B9FE-7558F6912DDA}.Ad-Hoc|Mixed Platforms.ActiveCfg = Release|x86
		{A6660401-DF1C-4BCA-B9FE-7558F6912DDA}.Ad-Hoc|Mixed Platforms.Build.0 = Release|x86
		{A6660401-DF1C-4BCA-B9FE-7558F6912DDA}.Ad-Hoc|x64.ActiveCfg = Release|x64
		{A6660401-DF1C-4BCA-B9FE-7558F6912DDA}.Ad-Hoc|x64.Build.0 = Release|x64
		{A6660401-DF1C-4BCA-B9FE-7558F6912DDA}.Ad-Hoc|x86.ActiveCfg = Release|x86
		{A6660401-DF1C-4BCA-B9FE-7558F6912DDA}.Ad-Hoc|x86.Build.0 = Release|x86
		{A6660401-DF1C-4BCA-B9FE-7558F6912DDA}.AppStore|Any CPU.ActiveCfg = Release|Any CPU
		{A6660401-DF1C-4BCA-B9FE-7558F6912DDA}.AppStore|Any CPU.Build.0 = Release|Any CPU
		{A6660401-DF1C-4BCA-B9FE-7558F6912DDA}.AppStore|ARM.ActiveCfg = Release|ARM
		{A6660401-DF1C-4BCA-B9FE-7558F6912DDA}.AppStore|ARM.Build.0 = Release|ARM
		{A6660401-DF1C-4BCA-B9FE-7558F6912DDA}.AppStore|iPhone.ActiveCfg = Release|Any CPU
		{A6660401-DF1C-4BCA-B9FE-7558F6912DDA}.AppStore|iPhone.Build.0 = Release|Any CPU
		{A6660401-DF1C-4BCA-B9FE-7558F6912DDA}.AppStore|iPhoneSimulator.ActiveCfg = Release|Any CPU
		{A6660401-DF1C-4BCA-B9FE-7558F6912DDA}.AppStore|iPhoneSimulator.Build.0 = Release|Any CPU
		{A6660401-DF1C-4BCA-B9FE-7558F6912DDA}.AppStore|Mixed Platforms.ActiveCfg = Release|x86
		{A6660401-DF1C-4BCA-B9FE-7558F6912DDA}.AppStore|Mixed Platforms.Build.0 = Release|x86
		{A6660401-DF1C-4BCA-B9FE-7558F6912DDA}.AppStore|x64.ActiveCfg = Release|x64
		{A6660401-DF1C-4BCA-B9FE-7558F6912DDA}.AppStore|x64.Build.0 = Release|x64
		{A6660401-DF1C-4BCA-B9FE-7558F6912DDA}.AppStore|x86.ActiveCfg = Release|x86
		{A6660401-DF1C-4BCA-B9FE-7558F6912DDA}.AppStore|x86.Build.0 = Release|x86
		{A6660401-DF1C-4BCA-B9FE-7558F6912DDA}.Debug|Any CPU.ActiveCfg = Debug|Any CPU
		{A6660401-DF1C-4BCA-B9FE-7558F6912DDA}.Debug|Any CPU.Build.0 = Debug|Any CPU
		{A6660401-DF1C-4BCA-B9FE-7558F6912DDA}.Debug|ARM.ActiveCfg = Debug|ARM
		{A6660401-DF1C-4BCA-B9FE-7558F6912DDA}.Debug|ARM.Build.0 = Debug|ARM
		{A6660401-DF1C-4BCA-B9FE-7558F6912DDA}.Debug|iPhone.ActiveCfg = Debug|Any CPU
		{A6660401-DF1C-4BCA-B9FE-7558F6912DDA}.Debug|iPhone.Build.0 = Debug|Any CPU
		{A6660401-DF1C-4BCA-B9FE-7558F6912DDA}.Debug|iPhoneSimulator.ActiveCfg = Debug|Any CPU
		{A6660401-DF1C-4BCA-B9FE-7558F6912DDA}.Debug|iPhoneSimulator.Build.0 = Debug|Any CPU
		{A6660401-DF1C-4BCA-B9FE-7558F6912DDA}.Debug|Mixed Platforms.ActiveCfg = Debug|x86
		{A6660401-DF1C-4BCA-B9FE-7558F6912DDA}.Debug|Mixed Platforms.Build.0 = Debug|x86
		{A6660401-DF1C-4BCA-B9FE-7558F6912DDA}.Debug|x64.ActiveCfg = Debug|x64
		{A6660401-DF1C-4BCA-B9FE-7558F6912DDA}.Debug|x64.Build.0 = Debug|x64
		{A6660401-DF1C-4BCA-B9FE-7558F6912DDA}.Debug|x86.ActiveCfg = Debug|x86
		{A6660401-DF1C-4BCA-B9FE-7558F6912DDA}.Debug|x86.Build.0 = Debug|x86
		{A6660401-DF1C-4BCA-B9FE-7558F6912DDA}.Release|Any CPU.ActiveCfg = Release|Any CPU
		{A6660401-DF1C-4BCA-B9FE-7558F6912DDA}.Release|Any CPU.Build.0 = Release|Any CPU
		{A6660401-DF1C-4BCA-B9FE-7558F6912DDA}.Release|ARM.ActiveCfg = Release|ARM
		{A6660401-DF1C-4BCA-B9FE-7558F6912DDA}.Release|ARM.Build.0 = Release|ARM
		{A6660401-DF1C-4BCA-B9FE-7558F6912DDA}.Release|iPhone.ActiveCfg = Release|Any CPU
		{A6660401-DF1C-4BCA-B9FE-7558F6912DDA}.Release|iPhone.Build.0 = Release|Any CPU
		{A6660401-DF1C-4BCA-B9FE-7558F6912DDA}.Release|iPhoneSimulator.ActiveCfg = Release|Any CPU
		{A6660401-DF1C-4BCA-B9FE-7558F6912DDA}.Release|iPhoneSimulator.Build.0 = Release|Any CPU
		{A6660401-DF1C-4BCA-B9FE-7558F6912DDA}.Release|Mixed Platforms.ActiveCfg = Release|x86
		{A6660401-DF1C-4BCA-B9FE-7558F6912DDA}.Release|Mixed Platforms.Build.0 = Release|x86
		{A6660401-DF1C-4BCA-B9FE-7558F6912DDA}.Release|x64.ActiveCfg = Release|x64
		{A6660401-DF1C-4BCA-B9FE-7558F6912DDA}.Release|x64.Build.0 = Release|x64
		{A6660401-DF1C-4BCA-B9FE-7558F6912DDA}.Release|x86.ActiveCfg = Release|x86
		{A6660401-DF1C-4BCA-B9FE-7558F6912DDA}.Release|x86.Build.0 = Release|x86
		{4A0A88E2-ECCE-4F5D-BC9D-52C674BCFE6C}.Ad-Hoc|Any CPU.ActiveCfg = Release|x64
		{4A0A88E2-ECCE-4F5D-BC9D-52C674BCFE6C}.Ad-Hoc|Any CPU.Build.0 = Release|x64
		{4A0A88E2-ECCE-4F5D-BC9D-52C674BCFE6C}.Ad-Hoc|Any CPU.Deploy.0 = Release|x64
		{4A0A88E2-ECCE-4F5D-BC9D-52C674BCFE6C}.Ad-Hoc|ARM.ActiveCfg = Release|ARM
		{4A0A88E2-ECCE-4F5D-BC9D-52C674BCFE6C}.Ad-Hoc|ARM.Build.0 = Release|ARM
		{4A0A88E2-ECCE-4F5D-BC9D-52C674BCFE6C}.Ad-Hoc|ARM.Deploy.0 = Release|ARM
		{4A0A88E2-ECCE-4F5D-BC9D-52C674BCFE6C}.Ad-Hoc|iPhone.ActiveCfg = Release|x64
		{4A0A88E2-ECCE-4F5D-BC9D-52C674BCFE6C}.Ad-Hoc|iPhone.Build.0 = Release|x64
		{4A0A88E2-ECCE-4F5D-BC9D-52C674BCFE6C}.Ad-Hoc|iPhone.Deploy.0 = Release|x64
		{4A0A88E2-ECCE-4F5D-BC9D-52C674BCFE6C}.Ad-Hoc|iPhoneSimulator.ActiveCfg = Release|x64
		{4A0A88E2-ECCE-4F5D-BC9D-52C674BCFE6C}.Ad-Hoc|iPhoneSimulator.Build.0 = Release|x64
		{4A0A88E2-ECCE-4F5D-BC9D-52C674BCFE6C}.Ad-Hoc|iPhoneSimulator.Deploy.0 = Release|x64
		{4A0A88E2-ECCE-4F5D-BC9D-52C674BCFE6C}.Ad-Hoc|Mixed Platforms.ActiveCfg = Release|x86
		{4A0A88E2-ECCE-4F5D-BC9D-52C674BCFE6C}.Ad-Hoc|Mixed Platforms.Build.0 = Release|x86
		{4A0A88E2-ECCE-4F5D-BC9D-52C674BCFE6C}.Ad-Hoc|Mixed Platforms.Deploy.0 = Release|x86
		{4A0A88E2-ECCE-4F5D-BC9D-52C674BCFE6C}.Ad-Hoc|x64.ActiveCfg = Release|x64
		{4A0A88E2-ECCE-4F5D-BC9D-52C674BCFE6C}.Ad-Hoc|x64.Build.0 = Release|x64
		{4A0A88E2-ECCE-4F5D-BC9D-52C674BCFE6C}.Ad-Hoc|x64.Deploy.0 = Release|x64
		{4A0A88E2-ECCE-4F5D-BC9D-52C674BCFE6C}.Ad-Hoc|x86.ActiveCfg = Release|x86
		{4A0A88E2-ECCE-4F5D-BC9D-52C674BCFE6C}.Ad-Hoc|x86.Build.0 = Release|x86
		{4A0A88E2-ECCE-4F5D-BC9D-52C674BCFE6C}.Ad-Hoc|x86.Deploy.0 = Release|x86
		{4A0A88E2-ECCE-4F5D-BC9D-52C674BCFE6C}.AppStore|Any CPU.ActiveCfg = Release|x64
		{4A0A88E2-ECCE-4F5D-BC9D-52C674BCFE6C}.AppStore|Any CPU.Build.0 = Release|x64
		{4A0A88E2-ECCE-4F5D-BC9D-52C674BCFE6C}.AppStore|Any CPU.Deploy.0 = Release|x64
		{4A0A88E2-ECCE-4F5D-BC9D-52C674BCFE6C}.AppStore|ARM.ActiveCfg = Release|ARM
		{4A0A88E2-ECCE-4F5D-BC9D-52C674BCFE6C}.AppStore|ARM.Build.0 = Release|ARM
		{4A0A88E2-ECCE-4F5D-BC9D-52C674BCFE6C}.AppStore|ARM.Deploy.0 = Release|ARM
		{4A0A88E2-ECCE-4F5D-BC9D-52C674BCFE6C}.AppStore|iPhone.ActiveCfg = Release|x64
		{4A0A88E2-ECCE-4F5D-BC9D-52C674BCFE6C}.AppStore|iPhone.Build.0 = Release|x64
		{4A0A88E2-ECCE-4F5D-BC9D-52C674BCFE6C}.AppStore|iPhone.Deploy.0 = Release|x64
		{4A0A88E2-ECCE-4F5D-BC9D-52C674BCFE6C}.AppStore|iPhoneSimulator.ActiveCfg = Release|x64
		{4A0A88E2-ECCE-4F5D-BC9D-52C674BCFE6C}.AppStore|iPhoneSimulator.Build.0 = Release|x64
		{4A0A88E2-ECCE-4F5D-BC9D-52C674BCFE6C}.AppStore|iPhoneSimulator.Deploy.0 = Release|x64
		{4A0A88E2-ECCE-4F5D-BC9D-52C674BCFE6C}.AppStore|Mixed Platforms.ActiveCfg = Release|x86
		{4A0A88E2-ECCE-4F5D-BC9D-52C674BCFE6C}.AppStore|Mixed Platforms.Build.0 = Release|x86
		{4A0A88E2-ECCE-4F5D-BC9D-52C674BCFE6C}.AppStore|Mixed Platforms.Deploy.0 = Release|x86
		{4A0A88E2-ECCE-4F5D-BC9D-52C674BCFE6C}.AppStore|x64.ActiveCfg = Release|x64
		{4A0A88E2-ECCE-4F5D-BC9D-52C674BCFE6C}.AppStore|x64.Build.0 = Release|x64
		{4A0A88E2-ECCE-4F5D-BC9D-52C674BCFE6C}.AppStore|x64.Deploy.0 = Release|x64
		{4A0A88E2-ECCE-4F5D-BC9D-52C674BCFE6C}.AppStore|x86.ActiveCfg = Release|x86
		{4A0A88E2-ECCE-4F5D-BC9D-52C674BCFE6C}.AppStore|x86.Build.0 = Release|x86
		{4A0A88E2-ECCE-4F5D-BC9D-52C674BCFE6C}.AppStore|x86.Deploy.0 = Release|x86
		{4A0A88E2-ECCE-4F5D-BC9D-52C674BCFE6C}.Debug|Any CPU.ActiveCfg = Debug|x86
		{4A0A88E2-ECCE-4F5D-BC9D-52C674BCFE6C}.Debug|ARM.ActiveCfg = Debug|ARM
		{4A0A88E2-ECCE-4F5D-BC9D-52C674BCFE6C}.Debug|ARM.Build.0 = Debug|ARM
		{4A0A88E2-ECCE-4F5D-BC9D-52C674BCFE6C}.Debug|ARM.Deploy.0 = Debug|ARM
		{4A0A88E2-ECCE-4F5D-BC9D-52C674BCFE6C}.Debug|iPhone.ActiveCfg = Debug|x86
		{4A0A88E2-ECCE-4F5D-BC9D-52C674BCFE6C}.Debug|iPhoneSimulator.ActiveCfg = Debug|x86
		{4A0A88E2-ECCE-4F5D-BC9D-52C674BCFE6C}.Debug|Mixed Platforms.ActiveCfg = Debug|x86
		{4A0A88E2-ECCE-4F5D-BC9D-52C674BCFE6C}.Debug|Mixed Platforms.Build.0 = Debug|x86
		{4A0A88E2-ECCE-4F5D-BC9D-52C674BCFE6C}.Debug|Mixed Platforms.Deploy.0 = Debug|x86
		{4A0A88E2-ECCE-4F5D-BC9D-52C674BCFE6C}.Debug|x64.ActiveCfg = Debug|x64
		{4A0A88E2-ECCE-4F5D-BC9D-52C674BCFE6C}.Debug|x64.Build.0 = Debug|x64
		{4A0A88E2-ECCE-4F5D-BC9D-52C674BCFE6C}.Debug|x64.Deploy.0 = Debug|x64
		{4A0A88E2-ECCE-4F5D-BC9D-52C674BCFE6C}.Debug|x86.ActiveCfg = Debug|x86
		{4A0A88E2-ECCE-4F5D-BC9D-52C674BCFE6C}.Debug|x86.Build.0 = Debug|x86
		{4A0A88E2-ECCE-4F5D-BC9D-52C674BCFE6C}.Debug|x86.Deploy.0 = Debug|x86
		{4A0A88E2-ECCE-4F5D-BC9D-52C674BCFE6C}.Release|Any CPU.ActiveCfg = Release|x86
		{4A0A88E2-ECCE-4F5D-BC9D-52C674BCFE6C}.Release|ARM.ActiveCfg = Release|ARM
		{4A0A88E2-ECCE-4F5D-BC9D-52C674BCFE6C}.Release|ARM.Build.0 = Release|ARM
		{4A0A88E2-ECCE-4F5D-BC9D-52C674BCFE6C}.Release|ARM.Deploy.0 = Release|ARM
		{4A0A88E2-ECCE-4F5D-BC9D-52C674BCFE6C}.Release|iPhone.ActiveCfg = Release|x86
		{4A0A88E2-ECCE-4F5D-BC9D-52C674BCFE6C}.Release|iPhoneSimulator.ActiveCfg = Release|x86
		{4A0A88E2-ECCE-4F5D-BC9D-52C674BCFE6C}.Release|Mixed Platforms.ActiveCfg = Release|x86
		{4A0A88E2-ECCE-4F5D-BC9D-52C674BCFE6C}.Release|Mixed Platforms.Build.0 = Release|x86
		{4A0A88E2-ECCE-4F5D-BC9D-52C674BCFE6C}.Release|Mixed Platforms.Deploy.0 = Release|x86
		{4A0A88E2-ECCE-4F5D-BC9D-52C674BCFE6C}.Release|x64.ActiveCfg = Release|x64
		{4A0A88E2-ECCE-4F5D-BC9D-52C674BCFE6C}.Release|x64.Build.0 = Release|x64
		{4A0A88E2-ECCE-4F5D-BC9D-52C674BCFE6C}.Release|x64.Deploy.0 = Release|x64
		{4A0A88E2-ECCE-4F5D-BC9D-52C674BCFE6C}.Release|x86.ActiveCfg = Release|x86
		{4A0A88E2-ECCE-4F5D-BC9D-52C674BCFE6C}.Release|x86.Build.0 = Release|x86
		{4A0A88E2-ECCE-4F5D-BC9D-52C674BCFE6C}.Release|x86.Deploy.0 = Release|x86
		{0EC6148D-E73D-4722-8C00-1602EF3F906F}.Ad-Hoc|Any CPU.ActiveCfg = Release|x64
		{0EC6148D-E73D-4722-8C00-1602EF3F906F}.Ad-Hoc|Any CPU.Build.0 = Release|x64
		{0EC6148D-E73D-4722-8C00-1602EF3F906F}.Ad-Hoc|Any CPU.Deploy.0 = Release|x64
		{0EC6148D-E73D-4722-8C00-1602EF3F906F}.Ad-Hoc|ARM.ActiveCfg = Release|ARM
		{0EC6148D-E73D-4722-8C00-1602EF3F906F}.Ad-Hoc|ARM.Build.0 = Release|ARM
		{0EC6148D-E73D-4722-8C00-1602EF3F906F}.Ad-Hoc|ARM.Deploy.0 = Release|ARM
		{0EC6148D-E73D-4722-8C00-1602EF3F906F}.Ad-Hoc|iPhone.ActiveCfg = Release|x64
		{0EC6148D-E73D-4722-8C00-1602EF3F906F}.Ad-Hoc|iPhone.Build.0 = Release|x64
		{0EC6148D-E73D-4722-8C00-1602EF3F906F}.Ad-Hoc|iPhone.Deploy.0 = Release|x64
		{0EC6148D-E73D-4722-8C00-1602EF3F906F}.Ad-Hoc|iPhoneSimulator.ActiveCfg = Release|x64
		{0EC6148D-E73D-4722-8C00-1602EF3F906F}.Ad-Hoc|iPhoneSimulator.Build.0 = Release|x64
		{0EC6148D-E73D-4722-8C00-1602EF3F906F}.Ad-Hoc|iPhoneSimulator.Deploy.0 = Release|x64
		{0EC6148D-E73D-4722-8C00-1602EF3F906F}.Ad-Hoc|Mixed Platforms.ActiveCfg = Release|x86
		{0EC6148D-E73D-4722-8C00-1602EF3F906F}.Ad-Hoc|Mixed Platforms.Build.0 = Release|x86
		{0EC6148D-E73D-4722-8C00-1602EF3F906F}.Ad-Hoc|Mixed Platforms.Deploy.0 = Release|x86
		{0EC6148D-E73D-4722-8C00-1602EF3F906F}.Ad-Hoc|x64.ActiveCfg = Release|x64
		{0EC6148D-E73D-4722-8C00-1602EF3F906F}.Ad-Hoc|x64.Build.0 = Release|x64
		{0EC6148D-E73D-4722-8C00-1602EF3F906F}.Ad-Hoc|x64.Deploy.0 = Release|x64
		{0EC6148D-E73D-4722-8C00-1602EF3F906F}.Ad-Hoc|x86.ActiveCfg = Release|x86
		{0EC6148D-E73D-4722-8C00-1602EF3F906F}.Ad-Hoc|x86.Build.0 = Release|x86
		{0EC6148D-E73D-4722-8C00-1602EF3F906F}.Ad-Hoc|x86.Deploy.0 = Release|x86
		{0EC6148D-E73D-4722-8C00-1602EF3F906F}.AppStore|Any CPU.ActiveCfg = Release|x64
		{0EC6148D-E73D-4722-8C00-1602EF3F906F}.AppStore|Any CPU.Build.0 = Release|x64
		{0EC6148D-E73D-4722-8C00-1602EF3F906F}.AppStore|Any CPU.Deploy.0 = Release|x64
		{0EC6148D-E73D-4722-8C00-1602EF3F906F}.AppStore|ARM.ActiveCfg = Release|ARM
		{0EC6148D-E73D-4722-8C00-1602EF3F906F}.AppStore|ARM.Build.0 = Release|ARM
		{0EC6148D-E73D-4722-8C00-1602EF3F906F}.AppStore|ARM.Deploy.0 = Release|ARM
		{0EC6148D-E73D-4722-8C00-1602EF3F906F}.AppStore|iPhone.ActiveCfg = Release|x64
		{0EC6148D-E73D-4722-8C00-1602EF3F906F}.AppStore|iPhone.Build.0 = Release|x64
		{0EC6148D-E73D-4722-8C00-1602EF3F906F}.AppStore|iPhone.Deploy.0 = Release|x64
		{0EC6148D-E73D-4722-8C00-1602EF3F906F}.AppStore|iPhoneSimulator.ActiveCfg = Release|x64
		{0EC6148D-E73D-4722-8C00-1602EF3F906F}.AppStore|iPhoneSimulator.Build.0 = Release|x64
		{0EC6148D-E73D-4722-8C00-1602EF3F906F}.AppStore|iPhoneSimulator.Deploy.0 = Release|x64
		{0EC6148D-E73D-4722-8C00-1602EF3F906F}.AppStore|Mixed Platforms.ActiveCfg = Release|x86
		{0EC6148D-E73D-4722-8C00-1602EF3F906F}.AppStore|Mixed Platforms.Build.0 = Release|x86
		{0EC6148D-E73D-4722-8C00-1602EF3F906F}.AppStore|Mixed Platforms.Deploy.0 = Release|x86
		{0EC6148D-E73D-4722-8C00-1602EF3F906F}.AppStore|x64.ActiveCfg = Release|x64
		{0EC6148D-E73D-4722-8C00-1602EF3F906F}.AppStore|x64.Build.0 = Release|x64
		{0EC6148D-E73D-4722-8C00-1602EF3F906F}.AppStore|x64.Deploy.0 = Release|x64
		{0EC6148D-E73D-4722-8C00-1602EF3F906F}.AppStore|x86.ActiveCfg = Release|x86
		{0EC6148D-E73D-4722-8C00-1602EF3F906F}.AppStore|x86.Build.0 = Release|x86
		{0EC6148D-E73D-4722-8C00-1602EF3F906F}.AppStore|x86.Deploy.0 = Release|x86
		{0EC6148D-E73D-4722-8C00-1602EF3F906F}.Debug|Any CPU.ActiveCfg = Debug|x86
		{0EC6148D-E73D-4722-8C00-1602EF3F906F}.Debug|ARM.ActiveCfg = Debug|ARM
		{0EC6148D-E73D-4722-8C00-1602EF3F906F}.Debug|ARM.Build.0 = Debug|ARM
		{0EC6148D-E73D-4722-8C00-1602EF3F906F}.Debug|ARM.Deploy.0 = Debug|ARM
		{0EC6148D-E73D-4722-8C00-1602EF3F906F}.Debug|iPhone.ActiveCfg = Debug|x86
		{0EC6148D-E73D-4722-8C00-1602EF3F906F}.Debug|iPhoneSimulator.ActiveCfg = Debug|x86
		{0EC6148D-E73D-4722-8C00-1602EF3F906F}.Debug|Mixed Platforms.ActiveCfg = Debug|x86
		{0EC6148D-E73D-4722-8C00-1602EF3F906F}.Debug|Mixed Platforms.Build.0 = Debug|x86
		{0EC6148D-E73D-4722-8C00-1602EF3F906F}.Debug|Mixed Platforms.Deploy.0 = Debug|x86
		{0EC6148D-E73D-4722-8C00-1602EF3F906F}.Debug|x64.ActiveCfg = Debug|x64
		{0EC6148D-E73D-4722-8C00-1602EF3F906F}.Debug|x64.Build.0 = Debug|x64
		{0EC6148D-E73D-4722-8C00-1602EF3F906F}.Debug|x64.Deploy.0 = Debug|x64
		{0EC6148D-E73D-4722-8C00-1602EF3F906F}.Debug|x86.ActiveCfg = Debug|x86
		{0EC6148D-E73D-4722-8C00-1602EF3F906F}.Debug|x86.Build.0 = Debug|x86
		{0EC6148D-E73D-4722-8C00-1602EF3F906F}.Debug|x86.Deploy.0 = Debug|x86
		{0EC6148D-E73D-4722-8C00-1602EF3F906F}.Release|Any CPU.ActiveCfg = Release|x86
		{0EC6148D-E73D-4722-8C00-1602EF3F906F}.Release|ARM.ActiveCfg = Release|ARM
		{0EC6148D-E73D-4722-8C00-1602EF3F906F}.Release|ARM.Build.0 = Release|ARM
		{0EC6148D-E73D-4722-8C00-1602EF3F906F}.Release|ARM.Deploy.0 = Release|ARM
		{0EC6148D-E73D-4722-8C00-1602EF3F906F}.Release|iPhone.ActiveCfg = Release|x86
		{0EC6148D-E73D-4722-8C00-1602EF3F906F}.Release|iPhoneSimulator.ActiveCfg = Release|x86
		{0EC6148D-E73D-4722-8C00-1602EF3F906F}.Release|Mixed Platforms.ActiveCfg = Release|x86
		{0EC6148D-E73D-4722-8C00-1602EF3F906F}.Release|Mixed Platforms.Build.0 = Release|x86
		{0EC6148D-E73D-4722-8C00-1602EF3F906F}.Release|Mixed Platforms.Deploy.0 = Release|x86
		{0EC6148D-E73D-4722-8C00-1602EF3F906F}.Release|x64.ActiveCfg = Release|x64
		{0EC6148D-E73D-4722-8C00-1602EF3F906F}.Release|x64.Build.0 = Release|x64
		{0EC6148D-E73D-4722-8C00-1602EF3F906F}.Release|x64.Deploy.0 = Release|x64
		{0EC6148D-E73D-4722-8C00-1602EF3F906F}.Release|x86.ActiveCfg = Release|x86
		{0EC6148D-E73D-4722-8C00-1602EF3F906F}.Release|x86.Build.0 = Release|x86
		{0EC6148D-E73D-4722-8C00-1602EF3F906F}.Release|x86.Deploy.0 = Release|x86
	EndGlobalSection
	GlobalSection(SolutionProperties) = preSolution
		HideSolutionNode = FALSE
	EndGlobalSection
	GlobalSection(NestedProjects) = preSolution
		{40670796-1DDD-4B5A-8D31-37A24FB5BAD5} = {49E51B9A-E666-4DEB-B7CA-025FE62D2A81}
		{DB839EB9-2E68-4EEE-A397-E442862E15D9} = {AF15385C-D008-42BE-BC8A-7E9DCCF5C2B7}
		{EF76F9A9-DB15-4994-AE15-FDF8AC0911EF} = {49E51B9A-E666-4DEB-B7CA-025FE62D2A81}
		{397342E7-5C0F-41CE-AB6C-1ED738B5E6ED} = {AF15385C-D008-42BE-BC8A-7E9DCCF5C2B7}
		{DA295FFC-E3C0-47E7-93C0-1B12D6DE5FB9} = {AF15385C-D008-42BE-BC8A-7E9DCCF5C2B7}
		{F35F12AD-5349-48DC-A9C6-6B389F2F5C92} = {CFDB152F-4687-4BCB-BEFC-4260931FF542}
		{BB82323E-EB57-4767-B2D0-C3F321E2FD81} = {CFDB152F-4687-4BCB-BEFC-4260931FF542}
		{983427CA-0302-443E-8F17-D7F8FA1A141D} = {CFDB152F-4687-4BCB-BEFC-4260931FF542}
		{F20494E8-9C40-4479-AC27-51BBD3EAE94A} = {664D6D0B-B2E2-483F-9148-38373EB28E29}
		{D3A2A682-6071-43EE-BB67-14D6357E97E0} = {664D6D0B-B2E2-483F-9148-38373EB28E29}
		{CA9A3EA1-C6F1-41EB-8623-49129C4A3E76} = {664D6D0B-B2E2-483F-9148-38373EB28E29}
		{67F9D3A8-F71E-4428-913F-C37AE82CDB24} = {B26CAACA-9D4A-4BDA-937C-3899545BDB13}
		{0090CE85-9872-450F-B9FF-9FE64C525EBA} = {B26CAACA-9D4A-4BDA-937C-3899545BDB13}
		{4EF9CF0D-7B34-46FE-B671-352A62F3DB42} = {B26CAACA-9D4A-4BDA-937C-3899545BDB13}
		{FBDADA70-E9E7-4BCE-B251-D74F19F7A366} = {4EF9CF0D-7B34-46FE-B671-352A62F3DB42}
		{A37A2EB5-4B81-41D1-8380-320E0A24E46F} = {4EF9CF0D-7B34-46FE-B671-352A62F3DB42}
		{90461B99-3235-458A-A964-1C379975BB7F} = {4EF9CF0D-7B34-46FE-B671-352A62F3DB42}
		{E61F5A0A-F9FB-4CBF-81C5-8019873BB682} = {49E51B9A-E666-4DEB-B7CA-025FE62D2A81}
		{A6660401-DF1C-4BCA-B9FE-7558F6912DDA} = {5873DA10-3FE2-4F13-AE9D-ED739DDBB6A9}
		{4A0A88E2-ECCE-4F5D-BC9D-52C674BCFE6C} = {5873DA10-3FE2-4F13-AE9D-ED739DDBB6A9}
		{0EC6148D-E73D-4722-8C00-1602EF3F906F} = {5873DA10-3FE2-4F13-AE9D-ED739DDBB6A9}
	EndGlobalSection
EndGlobal
